
Microsoft Visual Studio Solution File, Format Version 12.00
# Visual Studio 15
VisualStudioVersion = 15.0.26430.12
MinimumVisualStudioVersion = 10.0.40219.1
Project("{2150E333-8FDC-42A3-9474-1A3956D46DE8}") = "Homework", "Homework", "{3CEEC8C0-BD2E-4E5B-890A-8636A1E18CF2}"
EndProject
Project("{2150E333-8FDC-42A3-9474-1A3956D46DE8}") = "HW1", "HW1", "{C42214E2-9BD0-4B15-B904-E6DE13031F1B}"
EndProject
Project("{FAE04EC0-301F-11D3-BF4B-00C04F79EFBC}") = "ChildProject", "ConsoleApplication1\HW1\childProject\ChildProject.csproj", "{FCEA35B9-E680-4492-9236-70AC6ED7B4D7}"
EndProject
Project("{FAE04EC0-301F-11D3-BF4B-00C04F79EFBC}") = "StartUpProject", "ConsoleApplication1\HW1\StartUpProject\StartUpProject.csproj", "{C47451A4-9EBF-44E3-89C0-A3D266CA2BDA}"
EndProject
Project("{2150E333-8FDC-42A3-9474-1A3956D46DE8}") = "HW2", "HW2", "{5CAB5BAC-5C26-4793-99EF-0A044577E723}"
EndProject
Project("{2150E333-8FDC-42A3-9474-1A3956D46DE8}") = "HW3", "HW3", "{C19F8DD4-9CD8-4838-BCC0-61E67E8E29EE}"
EndProject
Project("{FAE04EC0-301F-11D3-BF4B-00C04F79EFBC}") = "CarCatalog", "ConsoleApplication1\HW2\CarCatalog\CarCatalog.csproj", "{9071125F-1FE4-4C53-A1C8-337E106A5A5B}"
EndProject
Project("{FAE04EC0-301F-11D3-BF4B-00C04F79EFBC}") = "PrintResultsApp", "ConsoleApplication1\HW3\PrintResultsApp\PrintResultsApp.csproj", "{F78F82A6-B818-4FF2-849B-8830A422875F}"
EndProject
Project("{FAE04EC0-301F-11D3-BF4B-00C04F79EFBC}") = "CalculationApp", "ConsoleApplication1\HW3\CalculationApp\CalculationApp.csproj", "{9B8EF3DA-E814-4BC4-A4C3-9D45D0B6A28E}"
EndProject
Project("{2150E333-8FDC-42A3-9474-1A3956D46DE8}") = "HW4", "HW4", "{3330CEF6-EFBD-454E-8CB1-B2330287701A}"
EndProject
Project("{2150E333-8FDC-42A3-9474-1A3956D46DE8}") = "HW5", "HW5", "{B8924806-646A-4589-9FD6-216E3EDAF54B}"
EndProject
Project("{2150E333-8FDC-42A3-9474-1A3956D46DE8}") = "HW6", "HW6", "{3D193B2D-E3C3-4395-8BA0-36FD5E7DDB10}"
EndProject
Project("{2150E333-8FDC-42A3-9474-1A3956D46DE8}") = "HW7", "HW7", "{970E28FD-88CA-4885-B3B0-0CB2D37078CB}"
EndProject
Project("{2150E333-8FDC-42A3-9474-1A3956D46DE8}") = "HW8", "HW8", "{B8054582-12EC-408A-903B-26C8A9F13D1D}"
EndProject
Project("{FAE04EC0-301F-11D3-BF4B-00C04F79EFBC}") = "IsDivisibleCheck", "ConsoleApplication1\HW4\IsDivisibleCheck\IsDivisibleCheck.csproj", "{AC276477-E28A-4D86-A4A0-57F667A68384}"
EndProject
Project("{FAE04EC0-301F-11D3-BF4B-00C04F79EFBC}") = "RoomLights", "ConsoleApplication1\HW4\RoomLights\RoomLights.csproj", "{D28828CA-5FD3-46A8-B89D-FAC69DA2FDF1}"
EndProject
Project("{FAE04EC0-301F-11D3-BF4B-00C04F79EFBC}") = "OddOrEven", "ConsoleApplication1\HW5\OddOrEven\OddOrEven.csproj", "{0EA19629-A62D-4756-A990-0E9A9A04FE01}"
EndProject
Project("{FAE04EC0-301F-11D3-BF4B-00C04F79EFBC}") = "LoopAllNegatives", "ConsoleApplication1\HW5\LoopAllNegatives\LoopAllNegatives.csproj", "{E77FE05B-C481-4032-831E-DA6390DCB899}"
EndProject
Project("{FAE04EC0-301F-11D3-BF4B-00C04F79EFBC}") = "IsValidUserName", "ConsoleApplication1\HW5\IsValidUserName\IsValidUserName.csproj", "{1619F583-BD24-4CC6-AD5A-EC4A18D88EF3}"
EndProject
Global
	GlobalSection(SolutionConfigurationPlatforms) = preSolution
		Debug|Any CPU = Debug|Any CPU
		Release|Any CPU = Release|Any CPU
	EndGlobalSection
	GlobalSection(ProjectConfigurationPlatforms) = postSolution
		{FCEA35B9-E680-4492-9236-70AC6ED7B4D7}.Debug|Any CPU.ActiveCfg = Debug|Any CPU
		{FCEA35B9-E680-4492-9236-70AC6ED7B4D7}.Debug|Any CPU.Build.0 = Debug|Any CPU
		{FCEA35B9-E680-4492-9236-70AC6ED7B4D7}.Release|Any CPU.ActiveCfg = Release|Any CPU
		{FCEA35B9-E680-4492-9236-70AC6ED7B4D7}.Release|Any CPU.Build.0 = Release|Any CPU
		{C47451A4-9EBF-44E3-89C0-A3D266CA2BDA}.Debug|Any CPU.ActiveCfg = Debug|Any CPU
		{C47451A4-9EBF-44E3-89C0-A3D266CA2BDA}.Debug|Any CPU.Build.0 = Debug|Any CPU
		{C47451A4-9EBF-44E3-89C0-A3D266CA2BDA}.Release|Any CPU.ActiveCfg = Release|Any CPU
		{C47451A4-9EBF-44E3-89C0-A3D266CA2BDA}.Release|Any CPU.Build.0 = Release|Any CPU
		{9071125F-1FE4-4C53-A1C8-337E106A5A5B}.Debug|Any CPU.ActiveCfg = Debug|Any CPU
		{9071125F-1FE4-4C53-A1C8-337E106A5A5B}.Debug|Any CPU.Build.0 = Debug|Any CPU
		{9071125F-1FE4-4C53-A1C8-337E106A5A5B}.Release|Any CPU.ActiveCfg = Release|Any CPU
		{9071125F-1FE4-4C53-A1C8-337E106A5A5B}.Release|Any CPU.Build.0 = Release|Any CPU
		{F78F82A6-B818-4FF2-849B-8830A422875F}.Debug|Any CPU.ActiveCfg = Debug|Any CPU
		{F78F82A6-B818-4FF2-849B-8830A422875F}.Debug|Any CPU.Build.0 = Debug|Any CPU
		{F78F82A6-B818-4FF2-849B-8830A422875F}.Release|Any CPU.ActiveCfg = Release|Any CPU
		{F78F82A6-B818-4FF2-849B-8830A422875F}.Release|Any CPU.Build.0 = Release|Any CPU
		{9B8EF3DA-E814-4BC4-A4C3-9D45D0B6A28E}.Debug|Any CPU.ActiveCfg = Debug|Any CPU
		{9B8EF3DA-E814-4BC4-A4C3-9D45D0B6A28E}.Debug|Any CPU.Build.0 = Debug|Any CPU
		{9B8EF3DA-E814-4BC4-A4C3-9D45D0B6A28E}.Release|Any CPU.ActiveCfg = Release|Any CPU
		{9B8EF3DA-E814-4BC4-A4C3-9D45D0B6A28E}.Release|Any CPU.Build.0 = Release|Any CPU
		{AC276477-E28A-4D86-A4A0-57F667A68384}.Debug|Any CPU.ActiveCfg = Debug|Any CPU
		{AC276477-E28A-4D86-A4A0-57F667A68384}.Debug|Any CPU.Build.0 = Debug|Any CPU
		{AC276477-E28A-4D86-A4A0-57F667A68384}.Release|Any CPU.ActiveCfg = Release|Any CPU
		{AC276477-E28A-4D86-A4A0-57F667A68384}.Release|Any CPU.Build.0 = Release|Any CPU
		{D28828CA-5FD3-46A8-B89D-FAC69DA2FDF1}.Debug|Any CPU.ActiveCfg = Debug|Any CPU
		{D28828CA-5FD3-46A8-B89D-FAC69DA2FDF1}.Debug|Any CPU.Build.0 = Debug|Any CPU
		{D28828CA-5FD3-46A8-B89D-FAC69DA2FDF1}.Release|Any CPU.ActiveCfg = Release|Any CPU
		{D28828CA-5FD3-46A8-B89D-FAC69DA2FDF1}.Release|Any CPU.Build.0 = Release|Any CPU
		{0EA19629-A62D-4756-A990-0E9A9A04FE01}.Debug|Any CPU.ActiveCfg = Debug|Any CPU
		{0EA19629-A62D-4756-A990-0E9A9A04FE01}.Debug|Any CPU.Build.0 = Debug|Any CPU
		{0EA19629-A62D-4756-A990-0E9A9A04FE01}.Release|Any CPU.ActiveCfg = Release|Any CPU
		{0EA19629-A62D-4756-A990-0E9A9A04FE01}.Release|Any CPU.Build.0 = Release|Any CPU
		{E77FE05B-C481-4032-831E-DA6390DCB899}.Debug|Any CPU.ActiveCfg = Debug|Any CPU
		{E77FE05B-C481-4032-831E-DA6390DCB899}.Debug|Any CPU.Build.0 = Debug|Any CPU
		{E77FE05B-C481-4032-831E-DA6390DCB899}.Release|Any CPU.ActiveCfg = Release|Any CPU
		{E77FE05B-C481-4032-831E-DA6390DCB899}.Release|Any CPU.Build.0 = Release|Any CPU
		{1619F583-BD24-4CC6-AD5A-EC4A18D88EF3}.Debug|Any CPU.ActiveCfg = Debug|Any CPU
		{1619F583-BD24-4CC6-AD5A-EC4A18D88EF3}.Debug|Any CPU.Build.0 = Debug|Any CPU
		{1619F583-BD24-4CC6-AD5A-EC4A18D88EF3}.Release|Any CPU.ActiveCfg = Release|Any CPU
		{1619F583-BD24-4CC6-AD5A-EC4A18D88EF3}.Release|Any CPU.Build.0 = Release|Any CPU
	EndGlobalSection
	GlobalSection(SolutionProperties) = preSolution
		HideSolutionNode = FALSE
	EndGlobalSection
	GlobalSection(NestedProjects) = preSolution
		{C42214E2-9BD0-4B15-B904-E6DE13031F1B} = {3CEEC8C0-BD2E-4E5B-890A-8636A1E18CF2}
		{FCEA35B9-E680-4492-9236-70AC6ED7B4D7} = {C42214E2-9BD0-4B15-B904-E6DE13031F1B}
		{C47451A4-9EBF-44E3-89C0-A3D266CA2BDA} = {C42214E2-9BD0-4B15-B904-E6DE13031F1B}
		{5CAB5BAC-5C26-4793-99EF-0A044577E723} = {3CEEC8C0-BD2E-4E5B-890A-8636A1E18CF2}
		{C19F8DD4-9CD8-4838-BCC0-61E67E8E29EE} = {3CEEC8C0-BD2E-4E5B-890A-8636A1E18CF2}
		{9071125F-1FE4-4C53-A1C8-337E106A5A5B} = {5CAB5BAC-5C26-4793-99EF-0A044577E723}
		{F78F82A6-B818-4FF2-849B-8830A422875F} = {C19F8DD4-9CD8-4838-BCC0-61E67E8E29EE}
		{9B8EF3DA-E814-4BC4-A4C3-9D45D0B6A28E} = {C19F8DD4-9CD8-4838-BCC0-61E67E8E29EE}
		{3330CEF6-EFBD-454E-8CB1-B2330287701A} = {3CEEC8C0-BD2E-4E5B-890A-8636A1E18CF2}
		{B8924806-646A-4589-9FD6-216E3EDAF54B} = {3CEEC8C0-BD2E-4E5B-890A-8636A1E18CF2}
		{3D193B2D-E3C3-4395-8BA0-36FD5E7DDB10} = {3CEEC8C0-BD2E-4E5B-890A-8636A1E18CF2}
		{970E28FD-88CA-4885-B3B0-0CB2D37078CB} = {3CEEC8C0-BD2E-4E5B-890A-8636A1E18CF2}
		{B8054582-12EC-408A-903B-26C8A9F13D1D} = {3CEEC8C0-BD2E-4E5B-890A-8636A1E18CF2}
		{AC276477-E28A-4D86-A4A0-57F667A68384} = {3330CEF6-EFBD-454E-8CB1-B2330287701A}
		{D28828CA-5FD3-46A8-B89D-FAC69DA2FDF1} = {3330CEF6-EFBD-454E-8CB1-B2330287701A}
		{0EA19629-A62D-4756-A990-0E9A9A04FE01} = {B8924806-646A-4589-9FD6-216E3EDAF54B}
		{E77FE05B-C481-4032-831E-DA6390DCB899} = {B8924806-646A-4589-9FD6-216E3EDAF54B}
		{1619F583-BD24-4CC6-AD5A-EC4A18D88EF3} = {B8924806-646A-4589-9FD6-216E3EDAF54B}
	EndGlobalSection
EndGlobal
