
Microsoft Visual Studio Solution File, Format Version 12.00
# Visual Studio 14
VisualStudioVersion = 14.0.24720.0
MinimumVisualStudioVersion = 10.0.40219.1
Project("{2150E333-8FDC-42A3-9474-1A3956D46DE8}") = "Homework_1_NZirchak", "Homework_1_NZirchak", "{0C0826F7-C5D8-44CE-B3BE-2182E5ADDED6}"
EndProject
Project("{FAE04EC0-301F-11D3-BF4B-00C04F79EFBC}") = "Project_1", "Project_1\Project_1.csproj", "{1D580826-8854-4F11-8A93-5DDBED36DAD5}"
EndProject
Project("{FAE04EC0-301F-11D3-BF4B-00C04F79EFBC}") = "Project_2", "Project_2\Project_2.csproj", "{FA3E9E43-6E5D-40DC-ADB7-B7C855FD6E01}"
EndProject
Project("{2150E333-8FDC-42A3-9474-1A3956D46DE8}") = "Homework_2_NZirchak", "Homework_2_NZirchak", "{4CF50A4C-BE0D-419C-A322-A86674B1089E}"
EndProject
Project("{FAE04EC0-301F-11D3-BF4B-00C04F79EFBC}") = "Car_Manufacturer", "Homework_2\Car_Manufacturer\Car_Manufacturer.csproj", "{92C8A0BA-C56C-4F69-BCE9-CE564D778B2D}"
EndProject
Project("{2150E333-8FDC-42A3-9474-1A3956D46DE8}") = "Homework_3_NZirchak", "Homework_3_NZirchak", "{7DB7AF39-67D7-4C90-96B1-193D4A84A3D0}"
EndProject
Project("{FAE04EC0-301F-11D3-BF4B-00C04F79EFBC}") = "Operations_Program_Part_1", "Homework_3\Operations_Program_Part_1\Operations_Program_Part_1.csproj", "{7672C4B4-4735-4E7D-8099-95694D1A96CB}"
EndProject
Project("{FAE04EC0-301F-11D3-BF4B-00C04F79EFBC}") = "Operations_Program_Part_2", "Homework_3\Operations_Program_Part_2\Operations_Program_Part_2.csproj", "{36F0EAA1-AD80-4E89-9BB8-7029300AAE1F}"
EndProject
Project("{2150E333-8FDC-42A3-9474-1A3956D46DE8}") = "Homework_4_NZirchak", "Homework_4_NZirchak", "{E2DB4D32-B183-44F8-9B9D-B24A8806282E}"
EndProject
Project("{FAE04EC0-301F-11D3-BF4B-00C04F79EFBC}") = "Input_Division_HW4_Part_1", "Homework_4\Input_Division_HW4_Part_1\Input_Division_HW4_Part_1.csproj", "{9EE35251-516E-4FEC-8589-8F63C6F747D1}"
EndProject
Project("{FAE04EC0-301F-11D3-BF4B-00C04F79EFBC}") = "Input_Division_HW4_Part_2", "Homework_4\Input_Division_HW4_Part_2\Input_Division_HW4_Part_2.csproj", "{5851B537-EE6C-411E-B0C5-312189E98716}"
EndProject
Project("{2150E333-8FDC-42A3-9474-1A3956D46DE8}") = "Homework_5_NZirchak", "Homework_5_NZirchak", "{F7D0BDC6-5C24-4919-AC09-14104709ABDB}"
EndProject
Project("{FAE04EC0-301F-11D3-BF4B-00C04F79EFBC}") = "Verification of even odd numbers", "Homework_5\Verification of even odd numbers\Verification of even odd numbers.csproj", "{C68CEF9D-C5F6-47F8-9F29-293256F2ADB3}"
EndProject
Project("{FAE04EC0-301F-11D3-BF4B-00C04F79EFBC}") = "Numbers range from -1 to -100_Part_2", "Homework_5\Numbers range from -1 to -100_Part_2\Numbers range from -1 to -100_Part_2.csproj", "{C4E0D5A0-6DE9-4C41-9159-4EB85C32FA03}"
EndProject
Project("{FAE04EC0-301F-11D3-BF4B-00C04F79EFBC}") = "Verification of valid invalid names_Part_3", "Homework_5\Verification of valid invalid names\Verification of valid invalid names_Part_3.csproj", "{82F96F22-1E63-49B9-A804-615C26100C9D}"
EndProject
Project("{2150E333-8FDC-42A3-9474-1A3956D46DE8}") = "Homework_6_NZirchak", "Homework_6_NZirchak", "{55F0BED0-E455-478E-A68F-1E2DF9BB2544}"
EndProject
Project("{FAE04EC0-301F-11D3-BF4B-00C04F79EFBC}") = "Casting_HW6_Part_1", "Homework_6\Casting_HW6_Part_1\Casting_HW6_Part_1.csproj", "{C9F9816E-AC33-4E73-83E9-EAA0596D0C6F}"
EndProject
Project("{FAE04EC0-301F-11D3-BF4B-00C04F79EFBC}") = "Multiple_Casting_Part_2", "Homework_6\Multiple_Casting_Part_2\Multiple_Casting_Part_2.csproj", "{DBEE0B4A-AA77-4E58-8AC8-83C273E8F2B1}"
EndProject
Project("{2150E333-8FDC-42A3-9474-1A3956D46DE8}") = "Homework_7_NZirchak", "Homework_7_NZirchak", "{399DB8E7-6326-4C0E-BE07-0D7E883CFA76}"
EndProject
Project("{FAE04EC0-301F-11D3-BF4B-00C04F79EFBC}") = "Max min value in array_Part_2", "Homework_7\Max min value in array\Max min value in array_Part_2.csproj", "{07D673F5-70C3-4BF0-A379-9317FE6E972D}"
EndProject
Project("{FAE04EC0-301F-11D3-BF4B-00C04F79EFBC}") = "String_as_a_char_array_Part_3", "Homework_7\String_as_a_char_array_Part_3\String_as_a_char_array_Part_3.csproj", "{886F4900-99B3-41B9-8012-22EC05642693}"
EndProject
Project("{FAE04EC0-301F-11D3-BF4B-00C04F79EFBC}") = "Enums delivery method_Part_1", "Homework_7\Enums delivery method_Part_1\Enums delivery method_Part_1.csproj", "{F32732E0-BA6B-4755-9B1E-D12BBC26A0FD}"
EndProject
Project("{2150E333-8FDC-42A3-9474-1A3956D46DE8}") = "Homework_8_NZirchak", "Homework_8_NZirchak", "{2EAF12DC-A371-45BF-A8ED-1C05A0845E1C}"
EndProject
Project("{FAE04EC0-301F-11D3-BF4B-00C04F79EFBC}") = "Average value in jagged integer array_Part_1", "Homework_8\Average value in jagged integer array_Part_1\Average value in jagged integer array_Part_1.csproj", "{8A79CFEB-00CD-44ED-BD2A-9ECF74F6EA95}"
EndProject
Project("{FAE04EC0-301F-11D3-BF4B-00C04F79EFBC}") = "Values in jagged or multidimensional array_Part_2", "Homework_8\Values in jagged or multidimensional array_Part_2\Values in jagged or multidimensional array_Part_2.csproj", "{E1A154DD-0D2A-484A-AC34-EAFC3C5F277D}"
EndProject
Project("{2150E333-8FDC-42A3-9474-1A3956D46DE8}") = "Homework_10_NZirchak", "Homework_10_NZirchak", "{B592B78D-E614-47DF-AA61-0532FC073492}"
EndProject
Project("{FAE04EC0-301F-11D3-BF4B-00C04F79EFBC}") = "Methods_Sum_of_multiple_params", "Homework_10\Methods_Sum_of_multiple_params\Methods_Sum_of_multiple_params.csproj", "{7EAD06AD-7BD6-4A9D-B59F-B527F78A445D}"
EndProject
Project("{FAE04EC0-301F-11D3-BF4B-00C04F79EFBC}") = "Methods_Part2_Books_amount_manage", "Homework_10\Methods_Books_amount_manage\Methods_Part2_Books_amount_manage.csproj", "{E8F3797B-FC7D-4565-97D7-B9AF9B4218A3}"
EndProject
Project("{2150E333-8FDC-42A3-9474-1A3956D46DE8}") = "Homework_11_NZirchak", "Homework_11_NZirchak", "{4FBCB592-442D-4C99-A145-01383408EE0A}"
EndProject
Project("{FAE04EC0-301F-11D3-BF4B-00C04F79EFBC}") = "Creating isosceles triangle in Console_Part_1", "Homework_11\Creating isosceles triangle in Console_Part_1\Creating isosceles triangle in Console_Part_1.csproj", "{C2DA18F0-E7AF-4C4E-B41B-05041F1391B1}"
EndProject
Project("{FAE04EC0-301F-11D3-BF4B-00C04F79EFBC}") = "Using_optional_method_parameters_Part_3", "Homework_10\Using_optional_method_parameters_Part_3\Using_optional_method_parameters_Part_3.csproj", "{2E210F0D-1C6E-4D33-A5B8-5E963165F1B1}"
EndProject
Project("{2150E333-8FDC-42A3-9474-1A3956D46DE8}") = "Homework_12_NZirchak", "Homework_12_NZirchak", "{7D26F416-8E5B-4218-8996-5E46AABD7053}"
EndProject
Project("{FAE04EC0-301F-11D3-BF4B-00C04F79EFBC}") = "Using_Double.Parse_and_Exceptions_Part_1", "Homework_12\Using_Double.Parse_and_Exceptions_Part_1\Using_Double.Parse_and_Exceptions_Part_1.csproj", "{2863A07C-172B-402F-B117-399BDC373C4A}"
EndProject
Project("{FAE04EC0-301F-11D3-BF4B-00C04F79EFBC}") = "Using File.ReadAllText()_and_Exception_Part_2", "Homework_12\Using File.ReadAllText()_and_Exception_Part_2\Using File.ReadAllText()_and_Exception_Part_2.csproj", "{394D4F52-4AF2-4352-AA8C-A68099C267A0}"
EndProject
Project("{2150E333-8FDC-42A3-9474-1A3956D46DE8}") = "Homework_13_NZirchak", "Homework_13_NZirchak", "{C54B3C4E-F619-4B07-B7EE-9328506D2DF1}"
EndProject
Project("{FAE04EC0-301F-11D3-BF4B-00C04F79EFBC}") = "Using_struct_or_classes_calc_area_of_triangle_Part_1", "Homework_13\Using_struct_or_classes_calc_area_of_triangle_Part_1\Using_struct_or_classes_calc_area_of_triangle_Part_1.csproj", "{2AB01B8B-E3AC-41CA-A1BD-A1E8CB551178}"
EndProject
Project("{FAE04EC0-301F-11D3-BF4B-00C04F79EFBC}") = "ConsoleApplication1", "Homework_13\ConsoleApplication1\ConsoleApplication1.csproj", "{11230377-2E4F-4C34-8441-C7449B8CC804}"
EndProject
Project("{FAE04EC0-301F-11D3-BF4B-00C04F79EFBC}") = "Create_Customer_object_and_culculate_discount_Part_2", "Homework_13\Create_Customer_object_and_culculate_discount_Part_2\Create_Customer_object_and_culculate_discount_Part_2.csproj", "{F884D383-9AD1-4EF3-AA14-216CB1B2D2BE}"
EndProject
Global
	GlobalSection(SolutionConfigurationPlatforms) = preSolution
		Debug|Any CPU = Debug|Any CPU
		Release|Any CPU = Release|Any CPU
	EndGlobalSection
	GlobalSection(ProjectConfigurationPlatforms) = postSolution
		{1D580826-8854-4F11-8A93-5DDBED36DAD5}.Debug|Any CPU.ActiveCfg = Debug|Any CPU
		{1D580826-8854-4F11-8A93-5DDBED36DAD5}.Debug|Any CPU.Build.0 = Debug|Any CPU
		{1D580826-8854-4F11-8A93-5DDBED36DAD5}.Release|Any CPU.ActiveCfg = Release|Any CPU
		{1D580826-8854-4F11-8A93-5DDBED36DAD5}.Release|Any CPU.Build.0 = Release|Any CPU
		{FA3E9E43-6E5D-40DC-ADB7-B7C855FD6E01}.Debug|Any CPU.ActiveCfg = Debug|Any CPU
		{FA3E9E43-6E5D-40DC-ADB7-B7C855FD6E01}.Debug|Any CPU.Build.0 = Debug|Any CPU
		{FA3E9E43-6E5D-40DC-ADB7-B7C855FD6E01}.Release|Any CPU.ActiveCfg = Release|Any CPU
		{FA3E9E43-6E5D-40DC-ADB7-B7C855FD6E01}.Release|Any CPU.Build.0 = Release|Any CPU
		{92C8A0BA-C56C-4F69-BCE9-CE564D778B2D}.Debug|Any CPU.ActiveCfg = Debug|Any CPU
		{92C8A0BA-C56C-4F69-BCE9-CE564D778B2D}.Debug|Any CPU.Build.0 = Debug|Any CPU
		{92C8A0BA-C56C-4F69-BCE9-CE564D778B2D}.Release|Any CPU.ActiveCfg = Release|Any CPU
		{92C8A0BA-C56C-4F69-BCE9-CE564D778B2D}.Release|Any CPU.Build.0 = Release|Any CPU
		{7672C4B4-4735-4E7D-8099-95694D1A96CB}.Debug|Any CPU.ActiveCfg = Debug|Any CPU
		{7672C4B4-4735-4E7D-8099-95694D1A96CB}.Debug|Any CPU.Build.0 = Debug|Any CPU
		{7672C4B4-4735-4E7D-8099-95694D1A96CB}.Release|Any CPU.ActiveCfg = Release|Any CPU
		{7672C4B4-4735-4E7D-8099-95694D1A96CB}.Release|Any CPU.Build.0 = Release|Any CPU
		{36F0EAA1-AD80-4E89-9BB8-7029300AAE1F}.Debug|Any CPU.ActiveCfg = Debug|Any CPU
		{36F0EAA1-AD80-4E89-9BB8-7029300AAE1F}.Debug|Any CPU.Build.0 = Debug|Any CPU
		{36F0EAA1-AD80-4E89-9BB8-7029300AAE1F}.Release|Any CPU.ActiveCfg = Release|Any CPU
		{36F0EAA1-AD80-4E89-9BB8-7029300AAE1F}.Release|Any CPU.Build.0 = Release|Any CPU
		{9EE35251-516E-4FEC-8589-8F63C6F747D1}.Debug|Any CPU.ActiveCfg = Debug|Any CPU
		{9EE35251-516E-4FEC-8589-8F63C6F747D1}.Debug|Any CPU.Build.0 = Debug|Any CPU
		{9EE35251-516E-4FEC-8589-8F63C6F747D1}.Release|Any CPU.ActiveCfg = Release|Any CPU
		{9EE35251-516E-4FEC-8589-8F63C6F747D1}.Release|Any CPU.Build.0 = Release|Any CPU
		{5851B537-EE6C-411E-B0C5-312189E98716}.Debug|Any CPU.ActiveCfg = Debug|Any CPU
		{5851B537-EE6C-411E-B0C5-312189E98716}.Debug|Any CPU.Build.0 = Debug|Any CPU
		{5851B537-EE6C-411E-B0C5-312189E98716}.Release|Any CPU.ActiveCfg = Release|Any CPU
		{5851B537-EE6C-411E-B0C5-312189E98716}.Release|Any CPU.Build.0 = Release|Any CPU
		{C68CEF9D-C5F6-47F8-9F29-293256F2ADB3}.Debug|Any CPU.ActiveCfg = Debug|Any CPU
		{C68CEF9D-C5F6-47F8-9F29-293256F2ADB3}.Debug|Any CPU.Build.0 = Debug|Any CPU
		{C68CEF9D-C5F6-47F8-9F29-293256F2ADB3}.Release|Any CPU.ActiveCfg = Release|Any CPU
		{C68CEF9D-C5F6-47F8-9F29-293256F2ADB3}.Release|Any CPU.Build.0 = Release|Any CPU
		{C4E0D5A0-6DE9-4C41-9159-4EB85C32FA03}.Debug|Any CPU.ActiveCfg = Debug|Any CPU
		{C4E0D5A0-6DE9-4C41-9159-4EB85C32FA03}.Debug|Any CPU.Build.0 = Debug|Any CPU
		{C4E0D5A0-6DE9-4C41-9159-4EB85C32FA03}.Release|Any CPU.ActiveCfg = Release|Any CPU
		{C4E0D5A0-6DE9-4C41-9159-4EB85C32FA03}.Release|Any CPU.Build.0 = Release|Any CPU
		{82F96F22-1E63-49B9-A804-615C26100C9D}.Debug|Any CPU.ActiveCfg = Debug|Any CPU
		{82F96F22-1E63-49B9-A804-615C26100C9D}.Debug|Any CPU.Build.0 = Debug|Any CPU
		{82F96F22-1E63-49B9-A804-615C26100C9D}.Release|Any CPU.ActiveCfg = Release|Any CPU
		{82F96F22-1E63-49B9-A804-615C26100C9D}.Release|Any CPU.Build.0 = Release|Any CPU
		{C9F9816E-AC33-4E73-83E9-EAA0596D0C6F}.Debug|Any CPU.ActiveCfg = Debug|Any CPU
		{C9F9816E-AC33-4E73-83E9-EAA0596D0C6F}.Debug|Any CPU.Build.0 = Debug|Any CPU
		{C9F9816E-AC33-4E73-83E9-EAA0596D0C6F}.Release|Any CPU.ActiveCfg = Release|Any CPU
		{C9F9816E-AC33-4E73-83E9-EAA0596D0C6F}.Release|Any CPU.Build.0 = Release|Any CPU
		{DBEE0B4A-AA77-4E58-8AC8-83C273E8F2B1}.Debug|Any CPU.ActiveCfg = Debug|Any CPU
		{DBEE0B4A-AA77-4E58-8AC8-83C273E8F2B1}.Debug|Any CPU.Build.0 = Debug|Any CPU
		{DBEE0B4A-AA77-4E58-8AC8-83C273E8F2B1}.Release|Any CPU.ActiveCfg = Release|Any CPU
		{DBEE0B4A-AA77-4E58-8AC8-83C273E8F2B1}.Release|Any CPU.Build.0 = Release|Any CPU
		{07D673F5-70C3-4BF0-A379-9317FE6E972D}.Debug|Any CPU.ActiveCfg = Debug|Any CPU
		{07D673F5-70C3-4BF0-A379-9317FE6E972D}.Debug|Any CPU.Build.0 = Debug|Any CPU
		{07D673F5-70C3-4BF0-A379-9317FE6E972D}.Release|Any CPU.ActiveCfg = Release|Any CPU
		{07D673F5-70C3-4BF0-A379-9317FE6E972D}.Release|Any CPU.Build.0 = Release|Any CPU
		{886F4900-99B3-41B9-8012-22EC05642693}.Debug|Any CPU.ActiveCfg = Debug|Any CPU
		{886F4900-99B3-41B9-8012-22EC05642693}.Debug|Any CPU.Build.0 = Debug|Any CPU
		{886F4900-99B3-41B9-8012-22EC05642693}.Release|Any CPU.ActiveCfg = Release|Any CPU
		{886F4900-99B3-41B9-8012-22EC05642693}.Release|Any CPU.Build.0 = Release|Any CPU
		{F32732E0-BA6B-4755-9B1E-D12BBC26A0FD}.Debug|Any CPU.ActiveCfg = Debug|Any CPU
		{F32732E0-BA6B-4755-9B1E-D12BBC26A0FD}.Debug|Any CPU.Build.0 = Debug|Any CPU
		{F32732E0-BA6B-4755-9B1E-D12BBC26A0FD}.Release|Any CPU.ActiveCfg = Release|Any CPU
		{F32732E0-BA6B-4755-9B1E-D12BBC26A0FD}.Release|Any CPU.Build.0 = Release|Any CPU
		{8A79CFEB-00CD-44ED-BD2A-9ECF74F6EA95}.Debug|Any CPU.ActiveCfg = Debug|Any CPU
		{8A79CFEB-00CD-44ED-BD2A-9ECF74F6EA95}.Debug|Any CPU.Build.0 = Debug|Any CPU
		{8A79CFEB-00CD-44ED-BD2A-9ECF74F6EA95}.Release|Any CPU.ActiveCfg = Release|Any CPU
		{8A79CFEB-00CD-44ED-BD2A-9ECF74F6EA95}.Release|Any CPU.Build.0 = Release|Any CPU
		{E1A154DD-0D2A-484A-AC34-EAFC3C5F277D}.Debug|Any CPU.ActiveCfg = Debug|Any CPU
		{E1A154DD-0D2A-484A-AC34-EAFC3C5F277D}.Debug|Any CPU.Build.0 = Debug|Any CPU
		{E1A154DD-0D2A-484A-AC34-EAFC3C5F277D}.Release|Any CPU.ActiveCfg = Release|Any CPU
		{E1A154DD-0D2A-484A-AC34-EAFC3C5F277D}.Release|Any CPU.Build.0 = Release|Any CPU
		{7EAD06AD-7BD6-4A9D-B59F-B527F78A445D}.Debug|Any CPU.ActiveCfg = Debug|Any CPU
		{7EAD06AD-7BD6-4A9D-B59F-B527F78A445D}.Debug|Any CPU.Build.0 = Debug|Any CPU
		{7EAD06AD-7BD6-4A9D-B59F-B527F78A445D}.Release|Any CPU.ActiveCfg = Release|Any CPU
		{7EAD06AD-7BD6-4A9D-B59F-B527F78A445D}.Release|Any CPU.Build.0 = Release|Any CPU
		{E8F3797B-FC7D-4565-97D7-B9AF9B4218A3}.Debug|Any CPU.ActiveCfg = Debug|Any CPU
		{E8F3797B-FC7D-4565-97D7-B9AF9B4218A3}.Debug|Any CPU.Build.0 = Debug|Any CPU
		{E8F3797B-FC7D-4565-97D7-B9AF9B4218A3}.Release|Any CPU.ActiveCfg = Release|Any CPU
		{E8F3797B-FC7D-4565-97D7-B9AF9B4218A3}.Release|Any CPU.Build.0 = Release|Any CPU
		{C2DA18F0-E7AF-4C4E-B41B-05041F1391B1}.Debug|Any CPU.ActiveCfg = Debug|Any CPU
		{C2DA18F0-E7AF-4C4E-B41B-05041F1391B1}.Debug|Any CPU.Build.0 = Debug|Any CPU
		{C2DA18F0-E7AF-4C4E-B41B-05041F1391B1}.Release|Any CPU.ActiveCfg = Release|Any CPU
		{C2DA18F0-E7AF-4C4E-B41B-05041F1391B1}.Release|Any CPU.Build.0 = Release|Any CPU
		{2E210F0D-1C6E-4D33-A5B8-5E963165F1B1}.Debug|Any CPU.ActiveCfg = Debug|Any CPU
		{2E210F0D-1C6E-4D33-A5B8-5E963165F1B1}.Debug|Any CPU.Build.0 = Debug|Any CPU
		{2E210F0D-1C6E-4D33-A5B8-5E963165F1B1}.Release|Any CPU.ActiveCfg = Release|Any CPU
		{2E210F0D-1C6E-4D33-A5B8-5E963165F1B1}.Release|Any CPU.Build.0 = Release|Any CPU
		{2863A07C-172B-402F-B117-399BDC373C4A}.Debug|Any CPU.ActiveCfg = Debug|Any CPU
		{2863A07C-172B-402F-B117-399BDC373C4A}.Debug|Any CPU.Build.0 = Debug|Any CPU
		{2863A07C-172B-402F-B117-399BDC373C4A}.Release|Any CPU.ActiveCfg = Release|Any CPU
		{2863A07C-172B-402F-B117-399BDC373C4A}.Release|Any CPU.Build.0 = Release|Any CPU
		{394D4F52-4AF2-4352-AA8C-A68099C267A0}.Debug|Any CPU.ActiveCfg = Debug|Any CPU
		{394D4F52-4AF2-4352-AA8C-A68099C267A0}.Debug|Any CPU.Build.0 = Debug|Any CPU
		{394D4F52-4AF2-4352-AA8C-A68099C267A0}.Release|Any CPU.ActiveCfg = Release|Any CPU
		{394D4F52-4AF2-4352-AA8C-A68099C267A0}.Release|Any CPU.Build.0 = Release|Any CPU
		{2AB01B8B-E3AC-41CA-A1BD-A1E8CB551178}.Debug|Any CPU.ActiveCfg = Debug|Any CPU
		{2AB01B8B-E3AC-41CA-A1BD-A1E8CB551178}.Debug|Any CPU.Build.0 = Debug|Any CPU
		{2AB01B8B-E3AC-41CA-A1BD-A1E8CB551178}.Release|Any CPU.ActiveCfg = Release|Any CPU
		{2AB01B8B-E3AC-41CA-A1BD-A1E8CB551178}.Release|Any CPU.Build.0 = Release|Any CPU
		{11230377-2E4F-4C34-8441-C7449B8CC804}.Debug|Any CPU.ActiveCfg = Debug|Any CPU
		{11230377-2E4F-4C34-8441-C7449B8CC804}.Debug|Any CPU.Build.0 = Debug|Any CPU
		{11230377-2E4F-4C34-8441-C7449B8CC804}.Release|Any CPU.ActiveCfg = Release|Any CPU
		{11230377-2E4F-4C34-8441-C7449B8CC804}.Release|Any CPU.Build.0 = Release|Any CPU
		{F884D383-9AD1-4EF3-AA14-216CB1B2D2BE}.Debug|Any CPU.ActiveCfg = Debug|Any CPU
		{F884D383-9AD1-4EF3-AA14-216CB1B2D2BE}.Debug|Any CPU.Build.0 = Debug|Any CPU
		{F884D383-9AD1-4EF3-AA14-216CB1B2D2BE}.Release|Any CPU.ActiveCfg = Release|Any CPU
		{F884D383-9AD1-4EF3-AA14-216CB1B2D2BE}.Release|Any CPU.Build.0 = Release|Any CPU
	EndGlobalSection
	GlobalSection(SolutionProperties) = preSolution
		HideSolutionNode = FALSE
	EndGlobalSection
	GlobalSection(NestedProjects) = preSolution
		{1D580826-8854-4F11-8A93-5DDBED36DAD5} = {0C0826F7-C5D8-44CE-B3BE-2182E5ADDED6}
		{FA3E9E43-6E5D-40DC-ADB7-B7C855FD6E01} = {0C0826F7-C5D8-44CE-B3BE-2182E5ADDED6}
		{92C8A0BA-C56C-4F69-BCE9-CE564D778B2D} = {4CF50A4C-BE0D-419C-A322-A86674B1089E}
		{7672C4B4-4735-4E7D-8099-95694D1A96CB} = {7DB7AF39-67D7-4C90-96B1-193D4A84A3D0}
		{36F0EAA1-AD80-4E89-9BB8-7029300AAE1F} = {7DB7AF39-67D7-4C90-96B1-193D4A84A3D0}
		{9EE35251-516E-4FEC-8589-8F63C6F747D1} = {E2DB4D32-B183-44F8-9B9D-B24A8806282E}
		{5851B537-EE6C-411E-B0C5-312189E98716} = {E2DB4D32-B183-44F8-9B9D-B24A8806282E}
		{C68CEF9D-C5F6-47F8-9F29-293256F2ADB3} = {F7D0BDC6-5C24-4919-AC09-14104709ABDB}
		{C4E0D5A0-6DE9-4C41-9159-4EB85C32FA03} = {F7D0BDC6-5C24-4919-AC09-14104709ABDB}
		{82F96F22-1E63-49B9-A804-615C26100C9D} = {F7D0BDC6-5C24-4919-AC09-14104709ABDB}
		{C9F9816E-AC33-4E73-83E9-EAA0596D0C6F} = {55F0BED0-E455-478E-A68F-1E2DF9BB2544}
		{DBEE0B4A-AA77-4E58-8AC8-83C273E8F2B1} = {55F0BED0-E455-478E-A68F-1E2DF9BB2544}
		{07D673F5-70C3-4BF0-A379-9317FE6E972D} = {399DB8E7-6326-4C0E-BE07-0D7E883CFA76}
		{886F4900-99B3-41B9-8012-22EC05642693} = {399DB8E7-6326-4C0E-BE07-0D7E883CFA76}
		{F32732E0-BA6B-4755-9B1E-D12BBC26A0FD} = {399DB8E7-6326-4C0E-BE07-0D7E883CFA76}
		{8A79CFEB-00CD-44ED-BD2A-9ECF74F6EA95} = {2EAF12DC-A371-45BF-A8ED-1C05A0845E1C}
		{E1A154DD-0D2A-484A-AC34-EAFC3C5F277D} = {2EAF12DC-A371-45BF-A8ED-1C05A0845E1C}
		{7EAD06AD-7BD6-4A9D-B59F-B527F78A445D} = {B592B78D-E614-47DF-AA61-0532FC073492}
		{E8F3797B-FC7D-4565-97D7-B9AF9B4218A3} = {B592B78D-E614-47DF-AA61-0532FC073492}
		{C2DA18F0-E7AF-4C4E-B41B-05041F1391B1} = {4FBCB592-442D-4C99-A145-01383408EE0A}
		{2E210F0D-1C6E-4D33-A5B8-5E963165F1B1} = {B592B78D-E614-47DF-AA61-0532FC073492}
		{2863A07C-172B-402F-B117-399BDC373C4A} = {7D26F416-8E5B-4218-8996-5E46AABD7053}
		{394D4F52-4AF2-4352-AA8C-A68099C267A0} = {7D26F416-8E5B-4218-8996-5E46AABD7053}
		{2AB01B8B-E3AC-41CA-A1BD-A1E8CB551178} = {C54B3C4E-F619-4B07-B7EE-9328506D2DF1}
		{F884D383-9AD1-4EF3-AA14-216CB1B2D2BE} = {C54B3C4E-F619-4B07-B7EE-9328506D2DF1}
	EndGlobalSection
EndGlobal
