
Microsoft Visual Studio Solution File, Format Version 12.00
# Visual Studio 14
VisualStudioVersion = 14.0.24720.0
MinimumVisualStudioVersion = 10.0.40219.1
Project("{FAE04EC0-301F-11D3-BF4B-00C04F79EFBC}") = "Project_1", "Project_1\Project_1.csproj", "{6CBBFFF8-DF29-4CA9-B4A4-A8555749E87B}"
EndProject
Global
	GlobalSection(SolutionConfigurationPlatforms) = preSolution
		Debug|Any CPU = Debug|Any CPU
		Release|Any CPU = Release|Any CPU
	EndGlobalSection
	GlobalSection(ProjectConfigurationPlatforms) = postSolution
		{6CBBFFF8-DF29-4CA9-B4A4-A8555749E87B}.Debug|Any CPU.ActiveCfg = Debug|Any CPU
		{6CBBFFF8-DF29-4CA9-B4A4-A8555749E87B}.Debug|Any CPU.Build.0 = Debug|Any CPU
		{6CBBFFF8-DF29-4CA9-B4A4-A8555749E87B}.Release|Any CPU.ActiveCfg = Release|Any CPU
		{6CBBFFF8-DF29-4CA9-B4A4-A8555749E87B}.Release|Any CPU.Build.0 = Release|Any CPU
	EndGlobalSection
	GlobalSection(SolutionProperties) = preSolution
		HideSolutionNode = FALSE
	EndGlobalSection
EndGlobal
