
Microsoft Visual Studio Solution File, Format Version 12.00
# Visual Studio 15
VisualStudioVersion = 15.0.26403.7
MinimumVisualStudioVersion = 10.0.40219.1
Project("{FAE04EC0-301F-11D3-BF4B-00C04F79EFBC}") = "HW1_1", "HW1\HW1_1.csproj", "{E85A2D7E-E2B0-4A87-97A2-3FD0526D031F}"
EndProject
Project("{FAE04EC0-301F-11D3-BF4B-00C04F79EFBC}") = "HW2", "HW2\HW2.csproj", "{49DADC9D-DC2F-43E9-8BCA-36C77E675B8C}"
EndProject
Project("{FAE04EC0-301F-11D3-BF4B-00C04F79EFBC}") = "HW4_1", "HW4\HW4_1.csproj", "{4CCAB432-DE5F-48D5-87D6-AC152BD50E6B}"
EndProject
Project("{FAE04EC0-301F-11D3-BF4B-00C04F79EFBC}") = "HW5_1", "HW5\HW5_1.csproj", "{ECD3C193-78B8-425F-B9A7-F494A81B6441}"
EndProject
Project("{FAE04EC0-301F-11D3-BF4B-00C04F79EFBC}") = "HW3_2", "HW3_2\HW3_2.csproj", "{3C186370-D056-4029-BD1A-F3D015BEEC42}"
EndProject
Project("{FAE04EC0-301F-11D3-BF4B-00C04F79EFBC}") = "HW3_1", "HW3_1\HW3_1.csproj", "{4BA482D4-C8BD-4006-8171-376BA8988A2B}"
EndProject
Project("{FAE04EC0-301F-11D3-BF4B-00C04F79EFBC}") = "HW1_2", "HW1_2\HW1_2.csproj", "{3DCF211A-3C91-433F-895C-E1143958817C}"
EndProject
Project("{FAE04EC0-301F-11D3-BF4B-00C04F79EFBC}") = "HW4_2", "HW4_2\HW4_2.csproj", "{B5D0DDFA-D542-4FEB-B392-ACEB76A946A7}"
EndProject
Project("{FAE04EC0-301F-11D3-BF4B-00C04F79EFBC}") = "HW5_2", "HW5_2\HW5_2.csproj", "{37310B45-0EEE-42A2-9248-6227F32F086A}"
EndProject
Project("{FAE04EC0-301F-11D3-BF4B-00C04F79EFBC}") = "HW5_3", "HW5_3\HW5_3.csproj", "{9BDB587E-B521-447C-B912-086825364F3E}"
EndProject
Project("{FAE04EC0-301F-11D3-BF4B-00C04F79EFBC}") = "HW6_1", "HW6_1\HW6_1.csproj", "{2C7361AB-23D4-45F5-9FF7-E508E46A773D}"
EndProject
Project("{FAE04EC0-301F-11D3-BF4B-00C04F79EFBC}") = "HW6_2", "HW6_2\HW6_2.csproj", "{E8CFAFF7-4AD3-4429-B7A4-7642196D9936}"
EndProject
Global
	GlobalSection(SolutionConfigurationPlatforms) = preSolution
		Debug|Any CPU = Debug|Any CPU
		Release|Any CPU = Release|Any CPU
	EndGlobalSection
	GlobalSection(ProjectConfigurationPlatforms) = postSolution
		{E85A2D7E-E2B0-4A87-97A2-3FD0526D031F}.Debug|Any CPU.ActiveCfg = Debug|Any CPU
		{E85A2D7E-E2B0-4A87-97A2-3FD0526D031F}.Debug|Any CPU.Build.0 = Debug|Any CPU
		{E85A2D7E-E2B0-4A87-97A2-3FD0526D031F}.Release|Any CPU.ActiveCfg = Release|Any CPU
		{E85A2D7E-E2B0-4A87-97A2-3FD0526D031F}.Release|Any CPU.Build.0 = Release|Any CPU
		{49DADC9D-DC2F-43E9-8BCA-36C77E675B8C}.Debug|Any CPU.ActiveCfg = Debug|Any CPU
		{49DADC9D-DC2F-43E9-8BCA-36C77E675B8C}.Debug|Any CPU.Build.0 = Debug|Any CPU
		{49DADC9D-DC2F-43E9-8BCA-36C77E675B8C}.Release|Any CPU.ActiveCfg = Release|Any CPU
		{49DADC9D-DC2F-43E9-8BCA-36C77E675B8C}.Release|Any CPU.Build.0 = Release|Any CPU
		{4CCAB432-DE5F-48D5-87D6-AC152BD50E6B}.Debug|Any CPU.ActiveCfg = Debug|Any CPU
		{4CCAB432-DE5F-48D5-87D6-AC152BD50E6B}.Debug|Any CPU.Build.0 = Debug|Any CPU
		{4CCAB432-DE5F-48D5-87D6-AC152BD50E6B}.Release|Any CPU.ActiveCfg = Release|Any CPU
		{4CCAB432-DE5F-48D5-87D6-AC152BD50E6B}.Release|Any CPU.Build.0 = Release|Any CPU
		{ECD3C193-78B8-425F-B9A7-F494A81B6441}.Debug|Any CPU.ActiveCfg = Debug|Any CPU
		{ECD3C193-78B8-425F-B9A7-F494A81B6441}.Debug|Any CPU.Build.0 = Debug|Any CPU
		{ECD3C193-78B8-425F-B9A7-F494A81B6441}.Release|Any CPU.ActiveCfg = Release|Any CPU
		{ECD3C193-78B8-425F-B9A7-F494A81B6441}.Release|Any CPU.Build.0 = Release|Any CPU
		{3C186370-D056-4029-BD1A-F3D015BEEC42}.Debug|Any CPU.ActiveCfg = Debug|Any CPU
		{3C186370-D056-4029-BD1A-F3D015BEEC42}.Debug|Any CPU.Build.0 = Debug|Any CPU
		{3C186370-D056-4029-BD1A-F3D015BEEC42}.Release|Any CPU.ActiveCfg = Release|Any CPU
		{3C186370-D056-4029-BD1A-F3D015BEEC42}.Release|Any CPU.Build.0 = Release|Any CPU
		{4BA482D4-C8BD-4006-8171-376BA8988A2B}.Debug|Any CPU.ActiveCfg = Debug|Any CPU
		{4BA482D4-C8BD-4006-8171-376BA8988A2B}.Debug|Any CPU.Build.0 = Debug|Any CPU
		{4BA482D4-C8BD-4006-8171-376BA8988A2B}.Release|Any CPU.ActiveCfg = Release|Any CPU
		{4BA482D4-C8BD-4006-8171-376BA8988A2B}.Release|Any CPU.Build.0 = Release|Any CPU
		{3DCF211A-3C91-433F-895C-E1143958817C}.Debug|Any CPU.ActiveCfg = Debug|Any CPU
		{3DCF211A-3C91-433F-895C-E1143958817C}.Debug|Any CPU.Build.0 = Debug|Any CPU
		{3DCF211A-3C91-433F-895C-E1143958817C}.Release|Any CPU.ActiveCfg = Release|Any CPU
		{3DCF211A-3C91-433F-895C-E1143958817C}.Release|Any CPU.Build.0 = Release|Any CPU
		{B5D0DDFA-D542-4FEB-B392-ACEB76A946A7}.Debug|Any CPU.ActiveCfg = Debug|Any CPU
		{B5D0DDFA-D542-4FEB-B392-ACEB76A946A7}.Debug|Any CPU.Build.0 = Debug|Any CPU
		{B5D0DDFA-D542-4FEB-B392-ACEB76A946A7}.Release|Any CPU.ActiveCfg = Release|Any CPU
		{B5D0DDFA-D542-4FEB-B392-ACEB76A946A7}.Release|Any CPU.Build.0 = Release|Any CPU
		{37310B45-0EEE-42A2-9248-6227F32F086A}.Debug|Any CPU.ActiveCfg = Debug|Any CPU
		{37310B45-0EEE-42A2-9248-6227F32F086A}.Debug|Any CPU.Build.0 = Debug|Any CPU
		{37310B45-0EEE-42A2-9248-6227F32F086A}.Release|Any CPU.ActiveCfg = Release|Any CPU
		{37310B45-0EEE-42A2-9248-6227F32F086A}.Release|Any CPU.Build.0 = Release|Any CPU
		{9BDB587E-B521-447C-B912-086825364F3E}.Debug|Any CPU.ActiveCfg = Debug|Any CPU
		{9BDB587E-B521-447C-B912-086825364F3E}.Debug|Any CPU.Build.0 = Debug|Any CPU
		{9BDB587E-B521-447C-B912-086825364F3E}.Release|Any CPU.ActiveCfg = Release|Any CPU
		{9BDB587E-B521-447C-B912-086825364F3E}.Release|Any CPU.Build.0 = Release|Any CPU
		{2C7361AB-23D4-45F5-9FF7-E508E46A773D}.Debug|Any CPU.ActiveCfg = Debug|Any CPU
		{2C7361AB-23D4-45F5-9FF7-E508E46A773D}.Debug|Any CPU.Build.0 = Debug|Any CPU
		{2C7361AB-23D4-45F5-9FF7-E508E46A773D}.Release|Any CPU.ActiveCfg = Release|Any CPU
		{2C7361AB-23D4-45F5-9FF7-E508E46A773D}.Release|Any CPU.Build.0 = Release|Any CPU
		{E8CFAFF7-4AD3-4429-B7A4-7642196D9936}.Debug|Any CPU.ActiveCfg = Debug|Any CPU
		{E8CFAFF7-4AD3-4429-B7A4-7642196D9936}.Debug|Any CPU.Build.0 = Debug|Any CPU
		{E8CFAFF7-4AD3-4429-B7A4-7642196D9936}.Release|Any CPU.ActiveCfg = Release|Any CPU
		{E8CFAFF7-4AD3-4429-B7A4-7642196D9936}.Release|Any CPU.Build.0 = Release|Any CPU
	EndGlobalSection
	GlobalSection(SolutionProperties) = preSolution
		HideSolutionNode = FALSE
	EndGlobalSection
EndGlobal
