
Microsoft Visual Studio Solution File, Format Version 12.00
# Visual Studio 15
VisualStudioVersion = 15.0.26403.7
MinimumVisualStudioVersion = 10.0.40219.1
Project("{FAE04EC0-301F-11D3-BF4B-00C04F79EFBC}") = "HW1_1", "HW1\HW1_1.csproj", "{E85A2D7E-E2B0-4A87-97A2-3FD0526D031F}"
EndProject
Project("{FAE04EC0-301F-11D3-BF4B-00C04F79EFBC}") = "HW2", "HW2\HW2.csproj", "{49DADC9D-DC2F-43E9-8BCA-36C77E675B8C}"
EndProject
Project("{FAE04EC0-301F-11D3-BF4B-00C04F79EFBC}") = "HW4_1", "HW4\HW4_1.csproj", "{4CCAB432-DE5F-48D5-87D6-AC152BD50E6B}"
EndProject
Project("{FAE04EC0-301F-11D3-BF4B-00C04F79EFBC}") = "HW5_1", "HW5\HW5_1.csproj", "{ECD3C193-78B8-425F-B9A7-F494A81B6441}"
EndProject
Project("{FAE04EC0-301F-11D3-BF4B-00C04F79EFBC}") = "HW3_2", "HW3_2\HW3_2.csproj", "{3C186370-D056-4029-BD1A-F3D015BEEC42}"
EndProject
Project("{FAE04EC0-301F-11D3-BF4B-00C04F79EFBC}") = "HW3_1", "HW3_1\HW3_1.csproj", "{4BA482D4-C8BD-4006-8171-376BA8988A2B}"
EndProject
Project("{FAE04EC0-301F-11D3-BF4B-00C04F79EFBC}") = "HW1_2", "HW1_2\HW1_2.csproj", "{3DCF211A-3C91-433F-895C-E1143958817C}"
EndProject
Project("{FAE04EC0-301F-11D3-BF4B-00C04F79EFBC}") = "HW4_2", "HW4_2\HW4_2.csproj", "{B5D0DDFA-D542-4FEB-B392-ACEB76A946A7}"
EndProject
Project("{FAE04EC0-301F-11D3-BF4B-00C04F79EFBC}") = "HW5_2", "HW5_2\HW5_2.csproj", "{37310B45-0EEE-42A2-9248-6227F32F086A}"
EndProject
Project("{FAE04EC0-301F-11D3-BF4B-00C04F79EFBC}") = "HW5_3", "HW5_3\HW5_3.csproj", "{9BDB587E-B521-447C-B912-086825364F3E}"
EndProject
Project("{FAE04EC0-301F-11D3-BF4B-00C04F79EFBC}") = "HW6_1", "HW6_1\HW6_1.csproj", "{2C7361AB-23D4-45F5-9FF7-E508E46A773D}"
EndProject
Project("{FAE04EC0-301F-11D3-BF4B-00C04F79EFBC}") = "HW6_2", "HW6_2\HW6_2.csproj", "{E8CFAFF7-4AD3-4429-B7A4-7642196D9936}"
EndProject
Project("{FAE04EC0-301F-11D3-BF4B-00C04F79EFBC}") = "HW7_1", "HW7_1\HW7_1.csproj", "{94CEDC82-CC5C-444C-AF1A-418AC4BD8B00}"
EndProject
Project("{FAE04EC0-301F-11D3-BF4B-00C04F79EFBC}") = "HW7_2", "HW7_2\HW7_2.csproj", "{0A6CB3DD-C720-4EBC-85C7-8A686510331A}"
EndProject
Project("{FAE04EC0-301F-11D3-BF4B-00C04F79EFBC}") = "HW7_3", "HW7_3\HW7_3.csproj", "{835293C5-5C36-445B-A910-C9068D6F3427}"
EndProject
Project("{FAE04EC0-301F-11D3-BF4B-00C04F79EFBC}") = "HW8_1", "HW8_1\HW8_1.csproj", "{34A8D7DE-6AB1-4C57-A00A-7425E714ACB7}"
EndProject
Project("{FAE04EC0-301F-11D3-BF4B-00C04F79EFBC}") = "HW8_2", "HW8_2\HW8_2.csproj", "{9D509FE3-E26D-4084-B86C-B55B006296A4}"
EndProject
Project("{FAE04EC0-301F-11D3-BF4B-00C04F79EFBC}") = "testing", "testing\testing.csproj", "{1B1A8AF2-5A27-42E2-AC3B-E61558257A89}"
EndProject
Project("{FAE04EC0-301F-11D3-BF4B-00C04F79EFBC}") = "HW10_1", "HW10_1\HW10_1.csproj", "{B66FEAB1-53B3-409B-8871-EE81C9DE06B0}"
EndProject
Project("{FAE04EC0-301F-11D3-BF4B-00C04F79EFBC}") = "HW10_2", "HW10_2\HW10_2.csproj", "{BAEFD0B9-658B-43BB-A2C6-62EF129CE402}"
EndProject
Project("{FAE04EC0-301F-11D3-BF4B-00C04F79EFBC}") = "HW10_3", "HW10_3\HW10_3.csproj", "{CA959D70-395F-4D7D-AC59-6666A8403215}"
EndProject
Project("{FAE04EC0-301F-11D3-BF4B-00C04F79EFBC}") = "HW11_1", "HW11_1\HW11_1.csproj", "{710B1E55-F187-4AA4-AD11-1CB3B78EEC4C}"
EndProject
Project("{FAE04EC0-301F-11D3-BF4B-00C04F79EFBC}") = "HW11_2", "HW11_2\HW11_2.csproj", "{9E9AFECB-D102-4C8D-A73B-260C37159503}"
EndProject
Project("{FAE04EC0-301F-11D3-BF4B-00C04F79EFBC}") = "HW12_1", "HW12_1\HW12_1.csproj", "{FEE777CE-DCA4-4437-BA26-B64B5646CFED}"
EndProject
Project("{FAE04EC0-301F-11D3-BF4B-00C04F79EFBC}") = "HW12_2", "HW12_2\HW12_2.csproj", "{1B48D9CB-0FBB-4F84-9AF4-48E493F76EE8}"
EndProject
Project("{FAE04EC0-301F-11D3-BF4B-00C04F79EFBC}") = "HW13_1", "HW13_1\HW13_1.csproj", "{49542F3B-96AA-4008-95D1-33D25F0DC098}"
EndProject
Project("{FAE04EC0-301F-11D3-BF4B-00C04F79EFBC}") = "HW13_2", "HW13_2\HW13_2.csproj", "{655C97B8-E3B9-45D6-A42B-26E69B643A0A}"
EndProject
Project("{FAE04EC0-301F-11D3-BF4B-00C04F79EFBC}") = "HW14_1", "HW14_1\HW14_1.csproj", "{1B347DC8-7122-424D-B3A9-B5269B23AA94}"
EndProject
Project("{FAE04EC0-301F-11D3-BF4B-00C04F79EFBC}") = "HW14_2", "HW14_2\HW14_2.csproj", "{BFCB466A-C5CB-46F8-A60D-6447F7384D05}"
EndProject
Project("{FAE04EC0-301F-11D3-BF4B-00C04F79EFBC}") = "HW15_1", "HW15_1\HW15_1.csproj", "{CF83302A-B4CA-4506-903D-5F5BBC20730B}"
EndProject
Project("{FAE04EC0-301F-11D3-BF4B-00C04F79EFBC}") = "HW15_2", "HW15_2\HW15_2.csproj", "{5E5FE7AC-3606-4176-86FA-92711368D6AC}"
EndProject
Project("{FAE04EC0-301F-11D3-BF4B-00C04F79EFBC}") = "HW16", "HW16\HW16.csproj", "{DAE43BC0-71E7-48AE-AC45-FDA931AD342F}"
EndProject
Project("{FAE04EC0-301F-11D3-BF4B-00C04F79EFBC}") = "HW17", "HW17\HW17.csproj", "{DC2BFB80-DCC5-43FE-A84E-71BA398C99BE}"
EndProject
Project("{FAE04EC0-301F-11D3-BF4B-00C04F79EFBC}") = "HW18", "HW18\HW18.csproj", "{A76CF2D6-ACD2-4D6D-B0B1-E7833C8540BE}"
EndProject
Project("{FAE04EC0-301F-11D3-BF4B-00C04F79EFBC}") = "HW19", "HW19\HW19.csproj", "{081E527A-32DA-49F5-BDDE-309FD4B9F7A4}"
EndProject
Project("{FAE04EC0-301F-11D3-BF4B-00C04F79EFBC}") = "HW20", "HW20\HW20.csproj", "{8F60B5CE-DC1A-4488-B53C-2B9E6F9FE595}"
EndProject
Global
	GlobalSection(SolutionConfigurationPlatforms) = preSolution
		Debug|Any CPU = Debug|Any CPU
		Release|Any CPU = Release|Any CPU
	EndGlobalSection
	GlobalSection(ProjectConfigurationPlatforms) = postSolution
		{E85A2D7E-E2B0-4A87-97A2-3FD0526D031F}.Debug|Any CPU.ActiveCfg = Debug|Any CPU
		{E85A2D7E-E2B0-4A87-97A2-3FD0526D031F}.Debug|Any CPU.Build.0 = Debug|Any CPU
		{E85A2D7E-E2B0-4A87-97A2-3FD0526D031F}.Release|Any CPU.ActiveCfg = Release|Any CPU
		{E85A2D7E-E2B0-4A87-97A2-3FD0526D031F}.Release|Any CPU.Build.0 = Release|Any CPU
		{49DADC9D-DC2F-43E9-8BCA-36C77E675B8C}.Debug|Any CPU.ActiveCfg = Debug|Any CPU
		{49DADC9D-DC2F-43E9-8BCA-36C77E675B8C}.Debug|Any CPU.Build.0 = Debug|Any CPU
		{49DADC9D-DC2F-43E9-8BCA-36C77E675B8C}.Release|Any CPU.ActiveCfg = Release|Any CPU
		{49DADC9D-DC2F-43E9-8BCA-36C77E675B8C}.Release|Any CPU.Build.0 = Release|Any CPU
		{4CCAB432-DE5F-48D5-87D6-AC152BD50E6B}.Debug|Any CPU.ActiveCfg = Debug|Any CPU
		{4CCAB432-DE5F-48D5-87D6-AC152BD50E6B}.Debug|Any CPU.Build.0 = Debug|Any CPU
		{4CCAB432-DE5F-48D5-87D6-AC152BD50E6B}.Release|Any CPU.ActiveCfg = Release|Any CPU
		{4CCAB432-DE5F-48D5-87D6-AC152BD50E6B}.Release|Any CPU.Build.0 = Release|Any CPU
		{ECD3C193-78B8-425F-B9A7-F494A81B6441}.Debug|Any CPU.ActiveCfg = Debug|Any CPU
		{ECD3C193-78B8-425F-B9A7-F494A81B6441}.Debug|Any CPU.Build.0 = Debug|Any CPU
		{ECD3C193-78B8-425F-B9A7-F494A81B6441}.Release|Any CPU.ActiveCfg = Release|Any CPU
		{ECD3C193-78B8-425F-B9A7-F494A81B6441}.Release|Any CPU.Build.0 = Release|Any CPU
		{3C186370-D056-4029-BD1A-F3D015BEEC42}.Debug|Any CPU.ActiveCfg = Debug|Any CPU
		{3C186370-D056-4029-BD1A-F3D015BEEC42}.Debug|Any CPU.Build.0 = Debug|Any CPU
		{3C186370-D056-4029-BD1A-F3D015BEEC42}.Release|Any CPU.ActiveCfg = Release|Any CPU
		{3C186370-D056-4029-BD1A-F3D015BEEC42}.Release|Any CPU.Build.0 = Release|Any CPU
		{4BA482D4-C8BD-4006-8171-376BA8988A2B}.Debug|Any CPU.ActiveCfg = Debug|Any CPU
		{4BA482D4-C8BD-4006-8171-376BA8988A2B}.Debug|Any CPU.Build.0 = Debug|Any CPU
		{4BA482D4-C8BD-4006-8171-376BA8988A2B}.Release|Any CPU.ActiveCfg = Release|Any CPU
		{4BA482D4-C8BD-4006-8171-376BA8988A2B}.Release|Any CPU.Build.0 = Release|Any CPU
		{3DCF211A-3C91-433F-895C-E1143958817C}.Debug|Any CPU.ActiveCfg = Debug|Any CPU
		{3DCF211A-3C91-433F-895C-E1143958817C}.Debug|Any CPU.Build.0 = Debug|Any CPU
		{3DCF211A-3C91-433F-895C-E1143958817C}.Release|Any CPU.ActiveCfg = Release|Any CPU
		{3DCF211A-3C91-433F-895C-E1143958817C}.Release|Any CPU.Build.0 = Release|Any CPU
		{B5D0DDFA-D542-4FEB-B392-ACEB76A946A7}.Debug|Any CPU.ActiveCfg = Debug|Any CPU
		{B5D0DDFA-D542-4FEB-B392-ACEB76A946A7}.Debug|Any CPU.Build.0 = Debug|Any CPU
		{B5D0DDFA-D542-4FEB-B392-ACEB76A946A7}.Release|Any CPU.ActiveCfg = Release|Any CPU
		{B5D0DDFA-D542-4FEB-B392-ACEB76A946A7}.Release|Any CPU.Build.0 = Release|Any CPU
		{37310B45-0EEE-42A2-9248-6227F32F086A}.Debug|Any CPU.ActiveCfg = Debug|Any CPU
		{37310B45-0EEE-42A2-9248-6227F32F086A}.Debug|Any CPU.Build.0 = Debug|Any CPU
		{37310B45-0EEE-42A2-9248-6227F32F086A}.Release|Any CPU.ActiveCfg = Release|Any CPU
		{37310B45-0EEE-42A2-9248-6227F32F086A}.Release|Any CPU.Build.0 = Release|Any CPU
		{9BDB587E-B521-447C-B912-086825364F3E}.Debug|Any CPU.ActiveCfg = Debug|Any CPU
		{9BDB587E-B521-447C-B912-086825364F3E}.Debug|Any CPU.Build.0 = Debug|Any CPU
		{9BDB587E-B521-447C-B912-086825364F3E}.Release|Any CPU.ActiveCfg = Release|Any CPU
		{9BDB587E-B521-447C-B912-086825364F3E}.Release|Any CPU.Build.0 = Release|Any CPU
		{2C7361AB-23D4-45F5-9FF7-E508E46A773D}.Debug|Any CPU.ActiveCfg = Debug|Any CPU
		{2C7361AB-23D4-45F5-9FF7-E508E46A773D}.Debug|Any CPU.Build.0 = Debug|Any CPU
		{2C7361AB-23D4-45F5-9FF7-E508E46A773D}.Release|Any CPU.ActiveCfg = Release|Any CPU
		{2C7361AB-23D4-45F5-9FF7-E508E46A773D}.Release|Any CPU.Build.0 = Release|Any CPU
		{E8CFAFF7-4AD3-4429-B7A4-7642196D9936}.Debug|Any CPU.ActiveCfg = Debug|Any CPU
		{E8CFAFF7-4AD3-4429-B7A4-7642196D9936}.Debug|Any CPU.Build.0 = Debug|Any CPU
		{E8CFAFF7-4AD3-4429-B7A4-7642196D9936}.Release|Any CPU.ActiveCfg = Release|Any CPU
		{E8CFAFF7-4AD3-4429-B7A4-7642196D9936}.Release|Any CPU.Build.0 = Release|Any CPU
		{94CEDC82-CC5C-444C-AF1A-418AC4BD8B00}.Debug|Any CPU.ActiveCfg = Debug|Any CPU
		{94CEDC82-CC5C-444C-AF1A-418AC4BD8B00}.Debug|Any CPU.Build.0 = Debug|Any CPU
		{94CEDC82-CC5C-444C-AF1A-418AC4BD8B00}.Release|Any CPU.ActiveCfg = Release|Any CPU
		{94CEDC82-CC5C-444C-AF1A-418AC4BD8B00}.Release|Any CPU.Build.0 = Release|Any CPU
		{0A6CB3DD-C720-4EBC-85C7-8A686510331A}.Debug|Any CPU.ActiveCfg = Debug|Any CPU
		{0A6CB3DD-C720-4EBC-85C7-8A686510331A}.Debug|Any CPU.Build.0 = Debug|Any CPU
		{0A6CB3DD-C720-4EBC-85C7-8A686510331A}.Release|Any CPU.ActiveCfg = Release|Any CPU
		{0A6CB3DD-C720-4EBC-85C7-8A686510331A}.Release|Any CPU.Build.0 = Release|Any CPU
		{835293C5-5C36-445B-A910-C9068D6F3427}.Debug|Any CPU.ActiveCfg = Debug|Any CPU
		{835293C5-5C36-445B-A910-C9068D6F3427}.Debug|Any CPU.Build.0 = Debug|Any CPU
		{835293C5-5C36-445B-A910-C9068D6F3427}.Release|Any CPU.ActiveCfg = Release|Any CPU
		{835293C5-5C36-445B-A910-C9068D6F3427}.Release|Any CPU.Build.0 = Release|Any CPU
		{34A8D7DE-6AB1-4C57-A00A-7425E714ACB7}.Debug|Any CPU.ActiveCfg = Debug|Any CPU
		{34A8D7DE-6AB1-4C57-A00A-7425E714ACB7}.Debug|Any CPU.Build.0 = Debug|Any CPU
		{34A8D7DE-6AB1-4C57-A00A-7425E714ACB7}.Release|Any CPU.ActiveCfg = Release|Any CPU
		{34A8D7DE-6AB1-4C57-A00A-7425E714ACB7}.Release|Any CPU.Build.0 = Release|Any CPU
		{9D509FE3-E26D-4084-B86C-B55B006296A4}.Debug|Any CPU.ActiveCfg = Debug|Any CPU
		{9D509FE3-E26D-4084-B86C-B55B006296A4}.Debug|Any CPU.Build.0 = Debug|Any CPU
		{9D509FE3-E26D-4084-B86C-B55B006296A4}.Release|Any CPU.ActiveCfg = Release|Any CPU
		{9D509FE3-E26D-4084-B86C-B55B006296A4}.Release|Any CPU.Build.0 = Release|Any CPU
		{1B1A8AF2-5A27-42E2-AC3B-E61558257A89}.Debug|Any CPU.ActiveCfg = Debug|Any CPU
		{1B1A8AF2-5A27-42E2-AC3B-E61558257A89}.Debug|Any CPU.Build.0 = Debug|Any CPU
		{1B1A8AF2-5A27-42E2-AC3B-E61558257A89}.Release|Any CPU.ActiveCfg = Release|Any CPU
		{1B1A8AF2-5A27-42E2-AC3B-E61558257A89}.Release|Any CPU.Build.0 = Release|Any CPU
		{B66FEAB1-53B3-409B-8871-EE81C9DE06B0}.Debug|Any CPU.ActiveCfg = Debug|Any CPU
		{B66FEAB1-53B3-409B-8871-EE81C9DE06B0}.Debug|Any CPU.Build.0 = Debug|Any CPU
		{B66FEAB1-53B3-409B-8871-EE81C9DE06B0}.Release|Any CPU.ActiveCfg = Release|Any CPU
		{B66FEAB1-53B3-409B-8871-EE81C9DE06B0}.Release|Any CPU.Build.0 = Release|Any CPU
		{BAEFD0B9-658B-43BB-A2C6-62EF129CE402}.Debug|Any CPU.ActiveCfg = Debug|Any CPU
		{BAEFD0B9-658B-43BB-A2C6-62EF129CE402}.Debug|Any CPU.Build.0 = Debug|Any CPU
		{BAEFD0B9-658B-43BB-A2C6-62EF129CE402}.Release|Any CPU.ActiveCfg = Release|Any CPU
		{BAEFD0B9-658B-43BB-A2C6-62EF129CE402}.Release|Any CPU.Build.0 = Release|Any CPU
		{CA959D70-395F-4D7D-AC59-6666A8403215}.Debug|Any CPU.ActiveCfg = Debug|Any CPU
		{CA959D70-395F-4D7D-AC59-6666A8403215}.Debug|Any CPU.Build.0 = Debug|Any CPU
		{CA959D70-395F-4D7D-AC59-6666A8403215}.Release|Any CPU.ActiveCfg = Release|Any CPU
		{CA959D70-395F-4D7D-AC59-6666A8403215}.Release|Any CPU.Build.0 = Release|Any CPU
		{710B1E55-F187-4AA4-AD11-1CB3B78EEC4C}.Debug|Any CPU.ActiveCfg = Debug|Any CPU
		{710B1E55-F187-4AA4-AD11-1CB3B78EEC4C}.Debug|Any CPU.Build.0 = Debug|Any CPU
		{710B1E55-F187-4AA4-AD11-1CB3B78EEC4C}.Release|Any CPU.ActiveCfg = Release|Any CPU
		{710B1E55-F187-4AA4-AD11-1CB3B78EEC4C}.Release|Any CPU.Build.0 = Release|Any CPU
		{9E9AFECB-D102-4C8D-A73B-260C37159503}.Debug|Any CPU.ActiveCfg = Debug|Any CPU
		{9E9AFECB-D102-4C8D-A73B-260C37159503}.Debug|Any CPU.Build.0 = Debug|Any CPU
		{9E9AFECB-D102-4C8D-A73B-260C37159503}.Release|Any CPU.ActiveCfg = Release|Any CPU
		{9E9AFECB-D102-4C8D-A73B-260C37159503}.Release|Any CPU.Build.0 = Release|Any CPU
		{FEE777CE-DCA4-4437-BA26-B64B5646CFED}.Debug|Any CPU.ActiveCfg = Debug|Any CPU
		{FEE777CE-DCA4-4437-BA26-B64B5646CFED}.Debug|Any CPU.Build.0 = Debug|Any CPU
		{FEE777CE-DCA4-4437-BA26-B64B5646CFED}.Release|Any CPU.ActiveCfg = Release|Any CPU
		{FEE777CE-DCA4-4437-BA26-B64B5646CFED}.Release|Any CPU.Build.0 = Release|Any CPU
		{1B48D9CB-0FBB-4F84-9AF4-48E493F76EE8}.Debug|Any CPU.ActiveCfg = Debug|Any CPU
		{1B48D9CB-0FBB-4F84-9AF4-48E493F76EE8}.Debug|Any CPU.Build.0 = Debug|Any CPU
		{1B48D9CB-0FBB-4F84-9AF4-48E493F76EE8}.Release|Any CPU.ActiveCfg = Release|Any CPU
		{1B48D9CB-0FBB-4F84-9AF4-48E493F76EE8}.Release|Any CPU.Build.0 = Release|Any CPU
		{49542F3B-96AA-4008-95D1-33D25F0DC098}.Debug|Any CPU.ActiveCfg = Debug|Any CPU
		{49542F3B-96AA-4008-95D1-33D25F0DC098}.Debug|Any CPU.Build.0 = Debug|Any CPU
		{49542F3B-96AA-4008-95D1-33D25F0DC098}.Release|Any CPU.ActiveCfg = Release|Any CPU
		{49542F3B-96AA-4008-95D1-33D25F0DC098}.Release|Any CPU.Build.0 = Release|Any CPU
		{655C97B8-E3B9-45D6-A42B-26E69B643A0A}.Debug|Any CPU.ActiveCfg = Debug|Any CPU
		{655C97B8-E3B9-45D6-A42B-26E69B643A0A}.Debug|Any CPU.Build.0 = Debug|Any CPU
		{655C97B8-E3B9-45D6-A42B-26E69B643A0A}.Release|Any CPU.ActiveCfg = Release|Any CPU
		{655C97B8-E3B9-45D6-A42B-26E69B643A0A}.Release|Any CPU.Build.0 = Release|Any CPU
		{1B347DC8-7122-424D-B3A9-B5269B23AA94}.Debug|Any CPU.ActiveCfg = Debug|Any CPU
		{1B347DC8-7122-424D-B3A9-B5269B23AA94}.Debug|Any CPU.Build.0 = Debug|Any CPU
		{1B347DC8-7122-424D-B3A9-B5269B23AA94}.Release|Any CPU.ActiveCfg = Release|Any CPU
		{1B347DC8-7122-424D-B3A9-B5269B23AA94}.Release|Any CPU.Build.0 = Release|Any CPU
		{BFCB466A-C5CB-46F8-A60D-6447F7384D05}.Debug|Any CPU.ActiveCfg = Debug|Any CPU
		{BFCB466A-C5CB-46F8-A60D-6447F7384D05}.Debug|Any CPU.Build.0 = Debug|Any CPU
		{BFCB466A-C5CB-46F8-A60D-6447F7384D05}.Release|Any CPU.ActiveCfg = Release|Any CPU
		{BFCB466A-C5CB-46F8-A60D-6447F7384D05}.Release|Any CPU.Build.0 = Release|Any CPU
		{CF83302A-B4CA-4506-903D-5F5BBC20730B}.Debug|Any CPU.ActiveCfg = Debug|Any CPU
		{CF83302A-B4CA-4506-903D-5F5BBC20730B}.Debug|Any CPU.Build.0 = Debug|Any CPU
		{CF83302A-B4CA-4506-903D-5F5BBC20730B}.Release|Any CPU.ActiveCfg = Release|Any CPU
		{CF83302A-B4CA-4506-903D-5F5BBC20730B}.Release|Any CPU.Build.0 = Release|Any CPU
		{5E5FE7AC-3606-4176-86FA-92711368D6AC}.Debug|Any CPU.ActiveCfg = Debug|Any CPU
		{5E5FE7AC-3606-4176-86FA-92711368D6AC}.Debug|Any CPU.Build.0 = Debug|Any CPU
		{5E5FE7AC-3606-4176-86FA-92711368D6AC}.Release|Any CPU.ActiveCfg = Release|Any CPU
		{5E5FE7AC-3606-4176-86FA-92711368D6AC}.Release|Any CPU.Build.0 = Release|Any CPU
		{DAE43BC0-71E7-48AE-AC45-FDA931AD342F}.Debug|Any CPU.ActiveCfg = Debug|Any CPU
		{DAE43BC0-71E7-48AE-AC45-FDA931AD342F}.Debug|Any CPU.Build.0 = Debug|Any CPU
		{DAE43BC0-71E7-48AE-AC45-FDA931AD342F}.Release|Any CPU.ActiveCfg = Release|Any CPU
		{DAE43BC0-71E7-48AE-AC45-FDA931AD342F}.Release|Any CPU.Build.0 = Release|Any CPU
		{DC2BFB80-DCC5-43FE-A84E-71BA398C99BE}.Debug|Any CPU.ActiveCfg = Debug|Any CPU
		{DC2BFB80-DCC5-43FE-A84E-71BA398C99BE}.Debug|Any CPU.Build.0 = Debug|Any CPU
		{DC2BFB80-DCC5-43FE-A84E-71BA398C99BE}.Release|Any CPU.ActiveCfg = Release|Any CPU
		{DC2BFB80-DCC5-43FE-A84E-71BA398C99BE}.Release|Any CPU.Build.0 = Release|Any CPU
		{A76CF2D6-ACD2-4D6D-B0B1-E7833C8540BE}.Debug|Any CPU.ActiveCfg = Debug|Any CPU
		{A76CF2D6-ACD2-4D6D-B0B1-E7833C8540BE}.Debug|Any CPU.Build.0 = Debug|Any CPU
		{A76CF2D6-ACD2-4D6D-B0B1-E7833C8540BE}.Release|Any CPU.ActiveCfg = Release|Any CPU
		{A76CF2D6-ACD2-4D6D-B0B1-E7833C8540BE}.Release|Any CPU.Build.0 = Release|Any CPU
		{081E527A-32DA-49F5-BDDE-309FD4B9F7A4}.Debug|Any CPU.ActiveCfg = Debug|Any CPU
		{081E527A-32DA-49F5-BDDE-309FD4B9F7A4}.Debug|Any CPU.Build.0 = Debug|Any CPU
		{081E527A-32DA-49F5-BDDE-309FD4B9F7A4}.Release|Any CPU.ActiveCfg = Release|Any CPU
		{081E527A-32DA-49F5-BDDE-309FD4B9F7A4}.Release|Any CPU.Build.0 = Release|Any CPU
		{8F60B5CE-DC1A-4488-B53C-2B9E6F9FE595}.Debug|Any CPU.ActiveCfg = Debug|Any CPU
		{8F60B5CE-DC1A-4488-B53C-2B9E6F9FE595}.Debug|Any CPU.Build.0 = Debug|Any CPU
		{8F60B5CE-DC1A-4488-B53C-2B9E6F9FE595}.Release|Any CPU.ActiveCfg = Release|Any CPU
		{8F60B5CE-DC1A-4488-B53C-2B9E6F9FE595}.Release|Any CPU.Build.0 = Release|Any CPU
	EndGlobalSection
	GlobalSection(SolutionProperties) = preSolution
		HideSolutionNode = FALSE
	EndGlobalSection
EndGlobal
