
Microsoft Visual Studio Solution File, Format Version 12.00
# Visual Studio 15
VisualStudioVersion = 15.0.26730.8
MinimumVisualStudioVersion = 10.0.40219.1
Project("{2150E333-8FDC-42A3-9474-1A3956D46DE8}") = "HW 01 - Assemblies and references", "HW 01 - Assemblies and references", "{B4CA5778-BD9C-4060-91AE-85815F253653}"
EndProject
Project("{FAE04EC0-301F-11D3-BF4B-00C04F79EFBC}") = "ChildProject", "NazarKSolution\HW1\ChildProject\ChildProject.csproj", "{F1A62D94-C93B-4DF1-AB8B-65016B69226C}"
EndProject
Project("{FAE04EC0-301F-11D3-BF4B-00C04F79EFBC}") = "StartUpProject", "NazarKSolution\HW1\StartUpProject\StartUpProject.csproj", "{DB6B5513-9AAA-4B35-AC77-FB0D028613ED}"
EndProject
Project("{2150E333-8FDC-42A3-9474-1A3956D46DE8}") = "HW 02 - Variables", "HW 02 - Variables", "{4CDEA9E7-E46F-4457-92F3-4D4D30A6E51D}"
EndProject
Project("{FAE04EC0-301F-11D3-BF4B-00C04F79EFBC}") = "ConsoleCarApplication", "NazarKSolution\HW2\ConsoleCarApplication\ConsoleCarApplication.csproj", "{FC7A97A2-54EF-4FA9-B5E6-D3046AFCD4CE}"
EndProject
Project("{2150E333-8FDC-42A3-9474-1A3956D46DE8}") = "HW 03 - Operators", "HW 03 - Operators", "{4224A94D-3052-4D68-B796-8E3CC310849C}"
EndProject
Project("{FAE04EC0-301F-11D3-BF4B-00C04F79EFBC}") = "ConsoleApplicationOperators", "NazarKSolution\HW3\ConsoleApplicationOperators\ConsoleApplicationOperators.csproj", "{ADD68065-50F3-4400-BCAC-787BA3F49B63}"
EndProject
Project("{2150E333-8FDC-42A3-9474-1A3956D46DE8}") = "HW 04 - BitwiseOperators", "HW 04 - BitwiseOperators", "{F47BA97E-9D2F-4A45-8356-708E190C47FB}"
EndProject
Project("{2150E333-8FDC-42A3-9474-1A3956D46DE8}") = "HW 05 - FlowControl", "HW 05 - FlowControl", "{36A80101-06D3-4135-AC37-053809CFB4C8}"
EndProject
Project("{2150E333-8FDC-42A3-9474-1A3956D46DE8}") = "HW 06 - Casting", "HW 06 - Casting", "{7333A372-5B4F-4A31-B65F-8ED80DC4B0C1}"
EndProject
Project("{2150E333-8FDC-42A3-9474-1A3956D46DE8}") = "HW 07 - Enums and Arrays", "HW 07 - Enums and Arrays", "{7235E2E7-61D5-49CB-BEFD-D76AF9374616}"
EndProject
Project("{2150E333-8FDC-42A3-9474-1A3956D46DE8}") = "HW 08 - Jagged and multi arrays", "HW 08 - Jagged and multi arrays", "{8B174F3C-A52D-4D5E-81A5-7B4647844B14}"
EndProject
Project("{FAE04EC0-301F-11D3-BF4B-00C04F79EFBC}") = "FlowControl_1", "NazarKSolution\HW5\FlowControl_1\FlowControl_1.csproj", "{A2265FC6-DC00-40AF-8268-87DAEDFB6579}"
EndProject
Project("{FAE04EC0-301F-11D3-BF4B-00C04F79EFBC}") = "FlowControl_2", "NazarKSolution\HW5\FlowControl_2\FlowControl_2.csproj", "{91CC1C28-D66B-4806-B767-18A961CF1F9E}"
EndProject
Project("{FAE04EC0-301F-11D3-BF4B-00C04F79EFBC}") = "FlowControl_3", "NazarKSolution\HW5\FlowControl_3\FlowControl_3.csproj", "{AC58A2F1-A7BE-40FA-8D6D-31C40C2A415E}"
EndProject
Project("{FAE04EC0-301F-11D3-BF4B-00C04F79EFBC}") = "Casting_1", "NazarKSolution\HW6\Casting_1\Casting_1.csproj", "{63189C65-2BEE-4441-A2EE-D507E717296C}"
EndProject
Project("{FAE04EC0-301F-11D3-BF4B-00C04F79EFBC}") = "Casting_2", "NazarKSolution\HW6\Casting_2\Casting_2.csproj", "{CFEC25E0-60C2-4B05-997B-76C6B7510058}"
EndProject
Project("{FAE04EC0-301F-11D3-BF4B-00C04F79EFBC}") = "EnumsAndArrays_1", "NazarKSolution\HW7\EnumsAndArrays_1\EnumsAndArrays_1.csproj", "{3B6884C6-A35D-4556-A8EB-1138DFD105C2}"
EndProject
Project("{FAE04EC0-301F-11D3-BF4B-00C04F79EFBC}") = "EnumsAndArrays_2", "NazarKSolution\HW7\EnumsAndArrays_2\EnumsAndArrays_2.csproj", "{99485A1A-D0E3-4060-9E6A-F937C3D0AAB7}"
EndProject
Project("{FAE04EC0-301F-11D3-BF4B-00C04F79EFBC}") = "EnumsAndArrays_3", "NazarKSolution\HW7\EnumsAndArrays_3\EnumsAndArrays_3.csproj", "{D5BC8436-CBA1-48C9-BD93-0146091A12C6}"
EndProject
Project("{FAE04EC0-301F-11D3-BF4B-00C04F79EFBC}") = "JaggedAndMultiArrays_1", "NazarKSolution\HW8\JaggedAndMultiArrays_1\JaggedAndMultiArrays_1.csproj", "{526AED44-48B2-41C3-8BF1-ED343638AC0F}"
EndProject
Project("{FAE04EC0-301F-11D3-BF4B-00C04F79EFBC}") = "JaggedAndMultiArrays_2", "NazarKSolution\HW8\JaggedAndMultiArrays_2\JaggedAndMultiArrays_2.csproj", "{0F8D80D6-810B-4D9B-A887-809D3FD575BE}"
EndProject
Project("{FAE04EC0-301F-11D3-BF4B-00C04F79EFBC}") = "BitwiseOperators_1", "NazarKSolution\HW4\BitwiseOperators_1\BitwiseOperators_1.csproj", "{CC9ABD13-A610-4B69-BC30-BC29C67C5A50}"
EndProject
Project("{FAE04EC0-301F-11D3-BF4B-00C04F79EFBC}") = "BitwiseOperators_2", "NazarKSolution\HW4\BitwiseOperators_2\BitwiseOperators_2.csproj", "{DDB666EA-7541-4F0B-A748-24C42291F0F9}"
EndProject
Project("{FAE04EC0-301F-11D3-BF4B-00C04F79EFBC}") = "BitwiseOperators_Optional_1", "NazarKSolution\HW4\BitwiseOperators_Optional_1\BitwiseOperators_Optional_1.csproj", "{4DC0AFE2-1C44-444A-81C1-C92A8CAE8AA5}"
EndProject
Project("{FAE04EC0-301F-11D3-BF4B-00C04F79EFBC}") = "BitwiseOperators_Optional_2", "NazarKSolution\HW4\BitwiseOperators_Optional_2\BitwiseOperators_Optional_2.csproj", "{17AF1E78-B27E-4A87-9C6C-C59751E2D026}"
EndProject
Project("{2150E333-8FDC-42A3-9474-1A3956D46DE8}") = "HW 10 - Methods Part 2", "HW 10 - Methods Part 2", "{6CF15E8D-3FC9-4AA9-9B28-9240FCD23EAE}"
EndProject
Project("{FAE04EC0-301F-11D3-BF4B-00C04F79EFBC}") = "MethodsPart2_1", "NazarKSolution\HW10\MethodsPart2_1\MethodsPart2_1.csproj", "{BC64BA14-09F7-4593-BEAE-A908CFFBD3AD}"
EndProject
Project("{FAE04EC0-301F-11D3-BF4B-00C04F79EFBC}") = "MethodsPart2_2", "NazarKSolution\HW10\MethodsPart2_2\MethodsPart2_2.csproj", "{60A5F1B5-35ED-41A5-8D8B-D1058B91BC5D}"
EndProject
Project("{FAE04EC0-301F-11D3-BF4B-00C04F79EFBC}") = "MethodsPart2_3", "NazarKSolution\HW10\MethodsPart2_3\MethodsPart2_3.csproj", "{CA5D7658-9E5D-40B3-9A35-0FEA9D297296}"
EndProject
Project("{2150E333-8FDC-42A3-9474-1A3956D46DE8}") = "HW 11 - Debugging", "HW 11 - Debugging", "{5788A8B5-3691-48B0-9FCE-44AE11CA64E1}"
EndProject
Project("{FAE04EC0-301F-11D3-BF4B-00C04F79EFBC}") = "Debugging_1", "NazarKSolution\HW11\Debugging_1\Debugging_1.csproj", "{B8B4E089-622F-4F2A-828B-A92C20B396F2}"
EndProject
Project("{FAE04EC0-301F-11D3-BF4B-00C04F79EFBC}") = "Debugging_2", "NazarKSolution\HW11\Debugging_2\Debugging_2.csproj", "{F1E07FF2-1327-41F7-9446-B14CE2B650E8}"
EndProject
Project("{2150E333-8FDC-42A3-9474-1A3956D46DE8}") = "HW 12 - Exception Handling", "HW 12 - Exception Handling", "{39FA4D6C-2F39-45A6-8DB1-EC4EAF6E127D}"
EndProject
Project("{FAE04EC0-301F-11D3-BF4B-00C04F79EFBC}") = "Exception Handling_1", "NazarKSolution\HW12\Exception Handling_1\Exception Handling_1.csproj", "{AC26F0F9-16E0-4D94-9155-111DBB5D39FA}"
EndProject
Project("{FAE04EC0-301F-11D3-BF4B-00C04F79EFBC}") = "Exception Handling_2", "NazarKSolution\HW12\Exception Handling_2\Exception Handling_2.csproj", "{C61E95A0-3CA0-46EB-9116-28B5132F215D}"
EndProject
Project("{2150E333-8FDC-42A3-9474-1A3956D46DE8}") = "HW 13 - Structs and classes", "HW 13 - Structs and classes", "{CD75F859-68DD-4E5B-8EC8-2B60ED9827C8}"
EndProject
Project("{FAE04EC0-301F-11D3-BF4B-00C04F79EFBC}") = "Structs and classes_1", "NazarKSolution\HW13\Structs and classes_1\Structs and classes_1.csproj", "{27058087-6BF9-4BBD-BF64-7944BB54F1E5}"
EndProject
Project("{FAE04EC0-301F-11D3-BF4B-00C04F79EFBC}") = "Structs and classes_2", "NazarKSolution\HW13\Structs and classes_2\Structs and classes_2.csproj", "{5CB48B21-66CC-41E4-AD53-77D54AF97172}"
EndProject
Project("{2150E333-8FDC-42A3-9474-1A3956D46DE8}") = "HW 14 - Class constructors", "HW 14 - Class constructors", "{ACDC40B6-517D-4E4D-83F4-EB5ACD71B324}"
EndProject
Project("{FAE04EC0-301F-11D3-BF4B-00C04F79EFBC}") = "Class constructors_1", "NazarKSolution\HW14\Class constructors_1\Class constructors_1.csproj", "{51DE3227-7ACA-4CCD-8D09-B36613194812}"
EndProject
Project("{FAE04EC0-301F-11D3-BF4B-00C04F79EFBC}") = "Class constructors_2", "NazarKSolution\HW14\Class constructors_2\Class constructors_2.csproj", "{4E3B16A5-0B3F-4C46-AC6A-3B8914A1D433}"
EndProject
Project("{2150E333-8FDC-42A3-9474-1A3956D46DE8}") = "HW 15 - Static context", "HW 15 - Static context", "{CE4098A8-3EB6-4CB1-8768-6AC7AD5DB15B}"
EndProject
Project("{FAE04EC0-301F-11D3-BF4B-00C04F79EFBC}") = "Static context_1", "NazarKSolution\HW15\Static context_1\Static context_1.csproj", "{5FACB975-CF8A-4AC5-97EC-1E7CE432D577}"
EndProject
Project("{FAE04EC0-301F-11D3-BF4B-00C04F79EFBC}") = "Static context_2", "NazarKSolution\HW15\Static context_2\Static context_2.csproj", "{107210C8-45B7-40E4-8DF1-32BCF9796B71}"
EndProject
Project("{2150E333-8FDC-42A3-9474-1A3956D46DE8}") = "HW 16 - Inheritance", "HW 16 - Inheritance", "{EB512C04-CDF6-40C8-98C3-6B939F41EE54}"
EndProject
Project("{FAE04EC0-301F-11D3-BF4B-00C04F79EFBC}") = "Inheritance_1", "NazarKSolution\HW16\Inheritance_1\Inheritance_1.csproj", "{74DA4057-3626-468C-875A-1A484305C23F}"
EndProject
Global
	GlobalSection(SolutionConfigurationPlatforms) = preSolution
		Debug|Any CPU = Debug|Any CPU
		Release|Any CPU = Release|Any CPU
	EndGlobalSection
	GlobalSection(ProjectConfigurationPlatforms) = postSolution
		{F1A62D94-C93B-4DF1-AB8B-65016B69226C}.Debug|Any CPU.ActiveCfg = Debug|Any CPU
		{F1A62D94-C93B-4DF1-AB8B-65016B69226C}.Debug|Any CPU.Build.0 = Debug|Any CPU
		{F1A62D94-C93B-4DF1-AB8B-65016B69226C}.Release|Any CPU.ActiveCfg = Release|Any CPU
		{F1A62D94-C93B-4DF1-AB8B-65016B69226C}.Release|Any CPU.Build.0 = Release|Any CPU
		{DB6B5513-9AAA-4B35-AC77-FB0D028613ED}.Debug|Any CPU.ActiveCfg = Debug|Any CPU
		{DB6B5513-9AAA-4B35-AC77-FB0D028613ED}.Debug|Any CPU.Build.0 = Debug|Any CPU
		{DB6B5513-9AAA-4B35-AC77-FB0D028613ED}.Release|Any CPU.ActiveCfg = Release|Any CPU
		{DB6B5513-9AAA-4B35-AC77-FB0D028613ED}.Release|Any CPU.Build.0 = Release|Any CPU
		{FC7A97A2-54EF-4FA9-B5E6-D3046AFCD4CE}.Debug|Any CPU.ActiveCfg = Debug|Any CPU
		{FC7A97A2-54EF-4FA9-B5E6-D3046AFCD4CE}.Debug|Any CPU.Build.0 = Debug|Any CPU
		{FC7A97A2-54EF-4FA9-B5E6-D3046AFCD4CE}.Release|Any CPU.ActiveCfg = Release|Any CPU
		{FC7A97A2-54EF-4FA9-B5E6-D3046AFCD4CE}.Release|Any CPU.Build.0 = Release|Any CPU
		{ADD68065-50F3-4400-BCAC-787BA3F49B63}.Debug|Any CPU.ActiveCfg = Debug|Any CPU
		{ADD68065-50F3-4400-BCAC-787BA3F49B63}.Debug|Any CPU.Build.0 = Debug|Any CPU
		{ADD68065-50F3-4400-BCAC-787BA3F49B63}.Release|Any CPU.ActiveCfg = Release|Any CPU
		{ADD68065-50F3-4400-BCAC-787BA3F49B63}.Release|Any CPU.Build.0 = Release|Any CPU
		{A2265FC6-DC00-40AF-8268-87DAEDFB6579}.Debug|Any CPU.ActiveCfg = Debug|Any CPU
		{A2265FC6-DC00-40AF-8268-87DAEDFB6579}.Debug|Any CPU.Build.0 = Debug|Any CPU
		{A2265FC6-DC00-40AF-8268-87DAEDFB6579}.Release|Any CPU.ActiveCfg = Release|Any CPU
		{A2265FC6-DC00-40AF-8268-87DAEDFB6579}.Release|Any CPU.Build.0 = Release|Any CPU
		{91CC1C28-D66B-4806-B767-18A961CF1F9E}.Debug|Any CPU.ActiveCfg = Debug|Any CPU
		{91CC1C28-D66B-4806-B767-18A961CF1F9E}.Debug|Any CPU.Build.0 = Debug|Any CPU
		{91CC1C28-D66B-4806-B767-18A961CF1F9E}.Release|Any CPU.ActiveCfg = Release|Any CPU
		{91CC1C28-D66B-4806-B767-18A961CF1F9E}.Release|Any CPU.Build.0 = Release|Any CPU
		{AC58A2F1-A7BE-40FA-8D6D-31C40C2A415E}.Debug|Any CPU.ActiveCfg = Debug|Any CPU
		{AC58A2F1-A7BE-40FA-8D6D-31C40C2A415E}.Debug|Any CPU.Build.0 = Debug|Any CPU
		{AC58A2F1-A7BE-40FA-8D6D-31C40C2A415E}.Release|Any CPU.ActiveCfg = Release|Any CPU
		{AC58A2F1-A7BE-40FA-8D6D-31C40C2A415E}.Release|Any CPU.Build.0 = Release|Any CPU
		{63189C65-2BEE-4441-A2EE-D507E717296C}.Debug|Any CPU.ActiveCfg = Debug|Any CPU
		{63189C65-2BEE-4441-A2EE-D507E717296C}.Debug|Any CPU.Build.0 = Debug|Any CPU
		{63189C65-2BEE-4441-A2EE-D507E717296C}.Release|Any CPU.ActiveCfg = Release|Any CPU
		{63189C65-2BEE-4441-A2EE-D507E717296C}.Release|Any CPU.Build.0 = Release|Any CPU
		{CFEC25E0-60C2-4B05-997B-76C6B7510058}.Debug|Any CPU.ActiveCfg = Debug|Any CPU
		{CFEC25E0-60C2-4B05-997B-76C6B7510058}.Debug|Any CPU.Build.0 = Debug|Any CPU
		{CFEC25E0-60C2-4B05-997B-76C6B7510058}.Release|Any CPU.ActiveCfg = Release|Any CPU
		{CFEC25E0-60C2-4B05-997B-76C6B7510058}.Release|Any CPU.Build.0 = Release|Any CPU
		{3B6884C6-A35D-4556-A8EB-1138DFD105C2}.Debug|Any CPU.ActiveCfg = Debug|Any CPU
		{3B6884C6-A35D-4556-A8EB-1138DFD105C2}.Debug|Any CPU.Build.0 = Debug|Any CPU
		{3B6884C6-A35D-4556-A8EB-1138DFD105C2}.Release|Any CPU.ActiveCfg = Release|Any CPU
		{3B6884C6-A35D-4556-A8EB-1138DFD105C2}.Release|Any CPU.Build.0 = Release|Any CPU
		{99485A1A-D0E3-4060-9E6A-F937C3D0AAB7}.Debug|Any CPU.ActiveCfg = Debug|Any CPU
		{99485A1A-D0E3-4060-9E6A-F937C3D0AAB7}.Debug|Any CPU.Build.0 = Debug|Any CPU
		{99485A1A-D0E3-4060-9E6A-F937C3D0AAB7}.Release|Any CPU.ActiveCfg = Release|Any CPU
		{99485A1A-D0E3-4060-9E6A-F937C3D0AAB7}.Release|Any CPU.Build.0 = Release|Any CPU
		{D5BC8436-CBA1-48C9-BD93-0146091A12C6}.Debug|Any CPU.ActiveCfg = Debug|Any CPU
		{D5BC8436-CBA1-48C9-BD93-0146091A12C6}.Debug|Any CPU.Build.0 = Debug|Any CPU
		{D5BC8436-CBA1-48C9-BD93-0146091A12C6}.Release|Any CPU.ActiveCfg = Release|Any CPU
		{D5BC8436-CBA1-48C9-BD93-0146091A12C6}.Release|Any CPU.Build.0 = Release|Any CPU
		{526AED44-48B2-41C3-8BF1-ED343638AC0F}.Debug|Any CPU.ActiveCfg = Debug|Any CPU
		{526AED44-48B2-41C3-8BF1-ED343638AC0F}.Debug|Any CPU.Build.0 = Debug|Any CPU
		{526AED44-48B2-41C3-8BF1-ED343638AC0F}.Release|Any CPU.ActiveCfg = Release|Any CPU
		{526AED44-48B2-41C3-8BF1-ED343638AC0F}.Release|Any CPU.Build.0 = Release|Any CPU
		{0F8D80D6-810B-4D9B-A887-809D3FD575BE}.Debug|Any CPU.ActiveCfg = Debug|Any CPU
		{0F8D80D6-810B-4D9B-A887-809D3FD575BE}.Debug|Any CPU.Build.0 = Debug|Any CPU
		{0F8D80D6-810B-4D9B-A887-809D3FD575BE}.Release|Any CPU.ActiveCfg = Release|Any CPU
		{0F8D80D6-810B-4D9B-A887-809D3FD575BE}.Release|Any CPU.Build.0 = Release|Any CPU
		{CC9ABD13-A610-4B69-BC30-BC29C67C5A50}.Debug|Any CPU.ActiveCfg = Debug|Any CPU
		{CC9ABD13-A610-4B69-BC30-BC29C67C5A50}.Debug|Any CPU.Build.0 = Debug|Any CPU
		{CC9ABD13-A610-4B69-BC30-BC29C67C5A50}.Release|Any CPU.ActiveCfg = Release|Any CPU
		{CC9ABD13-A610-4B69-BC30-BC29C67C5A50}.Release|Any CPU.Build.0 = Release|Any CPU
		{DDB666EA-7541-4F0B-A748-24C42291F0F9}.Debug|Any CPU.ActiveCfg = Debug|Any CPU
		{DDB666EA-7541-4F0B-A748-24C42291F0F9}.Debug|Any CPU.Build.0 = Debug|Any CPU
		{DDB666EA-7541-4F0B-A748-24C42291F0F9}.Release|Any CPU.ActiveCfg = Release|Any CPU
		{DDB666EA-7541-4F0B-A748-24C42291F0F9}.Release|Any CPU.Build.0 = Release|Any CPU
		{4DC0AFE2-1C44-444A-81C1-C92A8CAE8AA5}.Debug|Any CPU.ActiveCfg = Debug|Any CPU
		{4DC0AFE2-1C44-444A-81C1-C92A8CAE8AA5}.Debug|Any CPU.Build.0 = Debug|Any CPU
		{4DC0AFE2-1C44-444A-81C1-C92A8CAE8AA5}.Release|Any CPU.ActiveCfg = Release|Any CPU
		{4DC0AFE2-1C44-444A-81C1-C92A8CAE8AA5}.Release|Any CPU.Build.0 = Release|Any CPU
		{17AF1E78-B27E-4A87-9C6C-C59751E2D026}.Debug|Any CPU.ActiveCfg = Debug|Any CPU
		{17AF1E78-B27E-4A87-9C6C-C59751E2D026}.Debug|Any CPU.Build.0 = Debug|Any CPU
		{17AF1E78-B27E-4A87-9C6C-C59751E2D026}.Release|Any CPU.ActiveCfg = Release|Any CPU
		{17AF1E78-B27E-4A87-9C6C-C59751E2D026}.Release|Any CPU.Build.0 = Release|Any CPU
		{BC64BA14-09F7-4593-BEAE-A908CFFBD3AD}.Debug|Any CPU.ActiveCfg = Debug|Any CPU
		{BC64BA14-09F7-4593-BEAE-A908CFFBD3AD}.Debug|Any CPU.Build.0 = Debug|Any CPU
		{BC64BA14-09F7-4593-BEAE-A908CFFBD3AD}.Release|Any CPU.ActiveCfg = Release|Any CPU
		{BC64BA14-09F7-4593-BEAE-A908CFFBD3AD}.Release|Any CPU.Build.0 = Release|Any CPU
		{60A5F1B5-35ED-41A5-8D8B-D1058B91BC5D}.Debug|Any CPU.ActiveCfg = Debug|Any CPU
		{60A5F1B5-35ED-41A5-8D8B-D1058B91BC5D}.Debug|Any CPU.Build.0 = Debug|Any CPU
		{60A5F1B5-35ED-41A5-8D8B-D1058B91BC5D}.Release|Any CPU.ActiveCfg = Release|Any CPU
		{60A5F1B5-35ED-41A5-8D8B-D1058B91BC5D}.Release|Any CPU.Build.0 = Release|Any CPU
		{CA5D7658-9E5D-40B3-9A35-0FEA9D297296}.Debug|Any CPU.ActiveCfg = Debug|Any CPU
		{CA5D7658-9E5D-40B3-9A35-0FEA9D297296}.Debug|Any CPU.Build.0 = Debug|Any CPU
		{CA5D7658-9E5D-40B3-9A35-0FEA9D297296}.Release|Any CPU.ActiveCfg = Release|Any CPU
		{CA5D7658-9E5D-40B3-9A35-0FEA9D297296}.Release|Any CPU.Build.0 = Release|Any CPU
		{B8B4E089-622F-4F2A-828B-A92C20B396F2}.Debug|Any CPU.ActiveCfg = Debug|Any CPU
		{B8B4E089-622F-4F2A-828B-A92C20B396F2}.Debug|Any CPU.Build.0 = Debug|Any CPU
		{B8B4E089-622F-4F2A-828B-A92C20B396F2}.Release|Any CPU.ActiveCfg = Release|Any CPU
		{B8B4E089-622F-4F2A-828B-A92C20B396F2}.Release|Any CPU.Build.0 = Release|Any CPU
		{F1E07FF2-1327-41F7-9446-B14CE2B650E8}.Debug|Any CPU.ActiveCfg = Debug|Any CPU
		{F1E07FF2-1327-41F7-9446-B14CE2B650E8}.Debug|Any CPU.Build.0 = Debug|Any CPU
		{F1E07FF2-1327-41F7-9446-B14CE2B650E8}.Release|Any CPU.ActiveCfg = Release|Any CPU
		{F1E07FF2-1327-41F7-9446-B14CE2B650E8}.Release|Any CPU.Build.0 = Release|Any CPU
		{AC26F0F9-16E0-4D94-9155-111DBB5D39FA}.Debug|Any CPU.ActiveCfg = Debug|Any CPU
		{AC26F0F9-16E0-4D94-9155-111DBB5D39FA}.Debug|Any CPU.Build.0 = Debug|Any CPU
		{AC26F0F9-16E0-4D94-9155-111DBB5D39FA}.Release|Any CPU.ActiveCfg = Release|Any CPU
		{AC26F0F9-16E0-4D94-9155-111DBB5D39FA}.Release|Any CPU.Build.0 = Release|Any CPU
		{C61E95A0-3CA0-46EB-9116-28B5132F215D}.Debug|Any CPU.ActiveCfg = Debug|Any CPU
		{C61E95A0-3CA0-46EB-9116-28B5132F215D}.Debug|Any CPU.Build.0 = Debug|Any CPU
		{C61E95A0-3CA0-46EB-9116-28B5132F215D}.Release|Any CPU.ActiveCfg = Release|Any CPU
		{C61E95A0-3CA0-46EB-9116-28B5132F215D}.Release|Any CPU.Build.0 = Release|Any CPU
		{27058087-6BF9-4BBD-BF64-7944BB54F1E5}.Debug|Any CPU.ActiveCfg = Debug|Any CPU
		{27058087-6BF9-4BBD-BF64-7944BB54F1E5}.Debug|Any CPU.Build.0 = Debug|Any CPU
		{27058087-6BF9-4BBD-BF64-7944BB54F1E5}.Release|Any CPU.ActiveCfg = Release|Any CPU
		{27058087-6BF9-4BBD-BF64-7944BB54F1E5}.Release|Any CPU.Build.0 = Release|Any CPU
		{5CB48B21-66CC-41E4-AD53-77D54AF97172}.Debug|Any CPU.ActiveCfg = Debug|Any CPU
		{5CB48B21-66CC-41E4-AD53-77D54AF97172}.Debug|Any CPU.Build.0 = Debug|Any CPU
		{5CB48B21-66CC-41E4-AD53-77D54AF97172}.Release|Any CPU.ActiveCfg = Release|Any CPU
		{5CB48B21-66CC-41E4-AD53-77D54AF97172}.Release|Any CPU.Build.0 = Release|Any CPU
		{51DE3227-7ACA-4CCD-8D09-B36613194812}.Debug|Any CPU.ActiveCfg = Debug|Any CPU
		{51DE3227-7ACA-4CCD-8D09-B36613194812}.Debug|Any CPU.Build.0 = Debug|Any CPU
		{51DE3227-7ACA-4CCD-8D09-B36613194812}.Release|Any CPU.ActiveCfg = Release|Any CPU
		{51DE3227-7ACA-4CCD-8D09-B36613194812}.Release|Any CPU.Build.0 = Release|Any CPU
		{4E3B16A5-0B3F-4C46-AC6A-3B8914A1D433}.Debug|Any CPU.ActiveCfg = Debug|Any CPU
		{4E3B16A5-0B3F-4C46-AC6A-3B8914A1D433}.Debug|Any CPU.Build.0 = Debug|Any CPU
		{4E3B16A5-0B3F-4C46-AC6A-3B8914A1D433}.Release|Any CPU.ActiveCfg = Release|Any CPU
		{4E3B16A5-0B3F-4C46-AC6A-3B8914A1D433}.Release|Any CPU.Build.0 = Release|Any CPU
		{5FACB975-CF8A-4AC5-97EC-1E7CE432D577}.Debug|Any CPU.ActiveCfg = Debug|Any CPU
		{5FACB975-CF8A-4AC5-97EC-1E7CE432D577}.Debug|Any CPU.Build.0 = Debug|Any CPU
		{5FACB975-CF8A-4AC5-97EC-1E7CE432D577}.Release|Any CPU.ActiveCfg = Release|Any CPU
		{5FACB975-CF8A-4AC5-97EC-1E7CE432D577}.Release|Any CPU.Build.0 = Release|Any CPU
		{107210C8-45B7-40E4-8DF1-32BCF9796B71}.Debug|Any CPU.ActiveCfg = Debug|Any CPU
		{107210C8-45B7-40E4-8DF1-32BCF9796B71}.Debug|Any CPU.Build.0 = Debug|Any CPU
		{107210C8-45B7-40E4-8DF1-32BCF9796B71}.Release|Any CPU.ActiveCfg = Release|Any CPU
		{107210C8-45B7-40E4-8DF1-32BCF9796B71}.Release|Any CPU.Build.0 = Release|Any CPU
		{74DA4057-3626-468C-875A-1A484305C23F}.Debug|Any CPU.ActiveCfg = Debug|Any CPU
		{74DA4057-3626-468C-875A-1A484305C23F}.Debug|Any CPU.Build.0 = Debug|Any CPU
		{74DA4057-3626-468C-875A-1A484305C23F}.Release|Any CPU.ActiveCfg = Release|Any CPU
		{74DA4057-3626-468C-875A-1A484305C23F}.Release|Any CPU.Build.0 = Release|Any CPU
	EndGlobalSection
	GlobalSection(SolutionProperties) = preSolution
		HideSolutionNode = FALSE
	EndGlobalSection
	GlobalSection(NestedProjects) = preSolution
		{F1A62D94-C93B-4DF1-AB8B-65016B69226C} = {B4CA5778-BD9C-4060-91AE-85815F253653}
		{DB6B5513-9AAA-4B35-AC77-FB0D028613ED} = {B4CA5778-BD9C-4060-91AE-85815F253653}
		{FC7A97A2-54EF-4FA9-B5E6-D3046AFCD4CE} = {4CDEA9E7-E46F-4457-92F3-4D4D30A6E51D}
		{ADD68065-50F3-4400-BCAC-787BA3F49B63} = {4224A94D-3052-4D68-B796-8E3CC310849C}
		{A2265FC6-DC00-40AF-8268-87DAEDFB6579} = {36A80101-06D3-4135-AC37-053809CFB4C8}
		{91CC1C28-D66B-4806-B767-18A961CF1F9E} = {36A80101-06D3-4135-AC37-053809CFB4C8}
		{AC58A2F1-A7BE-40FA-8D6D-31C40C2A415E} = {36A80101-06D3-4135-AC37-053809CFB4C8}
		{63189C65-2BEE-4441-A2EE-D507E717296C} = {7333A372-5B4F-4A31-B65F-8ED80DC4B0C1}
		{CFEC25E0-60C2-4B05-997B-76C6B7510058} = {7333A372-5B4F-4A31-B65F-8ED80DC4B0C1}
		{3B6884C6-A35D-4556-A8EB-1138DFD105C2} = {7235E2E7-61D5-49CB-BEFD-D76AF9374616}
		{99485A1A-D0E3-4060-9E6A-F937C3D0AAB7} = {7235E2E7-61D5-49CB-BEFD-D76AF9374616}
		{D5BC8436-CBA1-48C9-BD93-0146091A12C6} = {7235E2E7-61D5-49CB-BEFD-D76AF9374616}
		{526AED44-48B2-41C3-8BF1-ED343638AC0F} = {8B174F3C-A52D-4D5E-81A5-7B4647844B14}
		{0F8D80D6-810B-4D9B-A887-809D3FD575BE} = {8B174F3C-A52D-4D5E-81A5-7B4647844B14}
		{CC9ABD13-A610-4B69-BC30-BC29C67C5A50} = {F47BA97E-9D2F-4A45-8356-708E190C47FB}
		{DDB666EA-7541-4F0B-A748-24C42291F0F9} = {F47BA97E-9D2F-4A45-8356-708E190C47FB}
		{4DC0AFE2-1C44-444A-81C1-C92A8CAE8AA5} = {F47BA97E-9D2F-4A45-8356-708E190C47FB}
		{17AF1E78-B27E-4A87-9C6C-C59751E2D026} = {F47BA97E-9D2F-4A45-8356-708E190C47FB}
		{BC64BA14-09F7-4593-BEAE-A908CFFBD3AD} = {6CF15E8D-3FC9-4AA9-9B28-9240FCD23EAE}
		{60A5F1B5-35ED-41A5-8D8B-D1058B91BC5D} = {6CF15E8D-3FC9-4AA9-9B28-9240FCD23EAE}
		{CA5D7658-9E5D-40B3-9A35-0FEA9D297296} = {6CF15E8D-3FC9-4AA9-9B28-9240FCD23EAE}
		{B8B4E089-622F-4F2A-828B-A92C20B396F2} = {5788A8B5-3691-48B0-9FCE-44AE11CA64E1}
		{F1E07FF2-1327-41F7-9446-B14CE2B650E8} = {5788A8B5-3691-48B0-9FCE-44AE11CA64E1}
		{AC26F0F9-16E0-4D94-9155-111DBB5D39FA} = {39FA4D6C-2F39-45A6-8DB1-EC4EAF6E127D}
		{C61E95A0-3CA0-46EB-9116-28B5132F215D} = {39FA4D6C-2F39-45A6-8DB1-EC4EAF6E127D}
		{27058087-6BF9-4BBD-BF64-7944BB54F1E5} = {CD75F859-68DD-4E5B-8EC8-2B60ED9827C8}
		{5CB48B21-66CC-41E4-AD53-77D54AF97172} = {CD75F859-68DD-4E5B-8EC8-2B60ED9827C8}
		{51DE3227-7ACA-4CCD-8D09-B36613194812} = {ACDC40B6-517D-4E4D-83F4-EB5ACD71B324}
		{4E3B16A5-0B3F-4C46-AC6A-3B8914A1D433} = {ACDC40B6-517D-4E4D-83F4-EB5ACD71B324}
		{5FACB975-CF8A-4AC5-97EC-1E7CE432D577} = {CE4098A8-3EB6-4CB1-8768-6AC7AD5DB15B}
		{107210C8-45B7-40E4-8DF1-32BCF9796B71} = {CE4098A8-3EB6-4CB1-8768-6AC7AD5DB15B}
		{74DA4057-3626-468C-875A-1A484305C23F} = {EB512C04-CDF6-40C8-98C3-6B939F41EE54}
	EndGlobalSection
	GlobalSection(ExtensibilityGlobals) = postSolution
		SolutionGuid = {B4FBD04F-8D26-459D-8313-77B1DDEFCDF6}
	EndGlobalSection
EndGlobal
