
Microsoft Visual Studio Solution File, Format Version 12.00
# Visual Studio 15
VisualStudioVersion = 15.0.26228.9
MinimumVisualStudioVersion = 10.0.40219.1
Project("{2150E333-8FDC-42A3-9474-1A3956D46DE8}") = "HW1", "HW1", "{B4CA5778-BD9C-4060-91AE-85815F253653}"
EndProject
Project("{FAE04EC0-301F-11D3-BF4B-00C04F79EFBC}") = "ChildProject", "NazarKSolution\HW1\ChildProject\ChildProject.csproj", "{F1A62D94-C93B-4DF1-AB8B-65016B69226C}"
EndProject
Project("{FAE04EC0-301F-11D3-BF4B-00C04F79EFBC}") = "StartUpProject", "NazarKSolution\HW1\StartUpProject\StartUpProject.csproj", "{DB6B5513-9AAA-4B35-AC77-FB0D028613ED}"
EndProject
Project("{2150E333-8FDC-42A3-9474-1A3956D46DE8}") = "HW2", "HW2", "{4CDEA9E7-E46F-4457-92F3-4D4D30A6E51D}"
EndProject
Project("{FAE04EC0-301F-11D3-BF4B-00C04F79EFBC}") = "ConsoleCarApplication", "NazarKSolution\HW2\ConsoleCarApplication\ConsoleCarApplication.csproj", "{FC7A97A2-54EF-4FA9-B5E6-D3046AFCD4CE}"
EndProject
Project("{2150E333-8FDC-42A3-9474-1A3956D46DE8}") = "HW3", "HW3", "{4224A94D-3052-4D68-B796-8E3CC310849C}"
EndProject
Project("{FAE04EC0-301F-11D3-BF4B-00C04F79EFBC}") = "ConsoleHW3", "ConsoleHW3\ConsoleHW3.csproj", "{AE5508B1-96B1-4765-B14A-29D48BE64014}"
EndProject
Global
	GlobalSection(SolutionConfigurationPlatforms) = preSolution
		Debug|Any CPU = Debug|Any CPU
		Release|Any CPU = Release|Any CPU
	EndGlobalSection
	GlobalSection(ProjectConfigurationPlatforms) = postSolution
		{F1A62D94-C93B-4DF1-AB8B-65016B69226C}.Debug|Any CPU.ActiveCfg = Debug|Any CPU
		{F1A62D94-C93B-4DF1-AB8B-65016B69226C}.Debug|Any CPU.Build.0 = Debug|Any CPU
		{F1A62D94-C93B-4DF1-AB8B-65016B69226C}.Release|Any CPU.ActiveCfg = Release|Any CPU
		{F1A62D94-C93B-4DF1-AB8B-65016B69226C}.Release|Any CPU.Build.0 = Release|Any CPU
		{DB6B5513-9AAA-4B35-AC77-FB0D028613ED}.Debug|Any CPU.ActiveCfg = Debug|Any CPU
		{DB6B5513-9AAA-4B35-AC77-FB0D028613ED}.Debug|Any CPU.Build.0 = Debug|Any CPU
		{DB6B5513-9AAA-4B35-AC77-FB0D028613ED}.Release|Any CPU.ActiveCfg = Release|Any CPU
		{DB6B5513-9AAA-4B35-AC77-FB0D028613ED}.Release|Any CPU.Build.0 = Release|Any CPU
		{FC7A97A2-54EF-4FA9-B5E6-D3046AFCD4CE}.Debug|Any CPU.ActiveCfg = Debug|Any CPU
		{FC7A97A2-54EF-4FA9-B5E6-D3046AFCD4CE}.Debug|Any CPU.Build.0 = Debug|Any CPU
		{FC7A97A2-54EF-4FA9-B5E6-D3046AFCD4CE}.Release|Any CPU.ActiveCfg = Release|Any CPU
		{FC7A97A2-54EF-4FA9-B5E6-D3046AFCD4CE}.Release|Any CPU.Build.0 = Release|Any CPU
		{AE5508B1-96B1-4765-B14A-29D48BE64014}.Debug|Any CPU.ActiveCfg = Debug|Any CPU
		{AE5508B1-96B1-4765-B14A-29D48BE64014}.Debug|Any CPU.Build.0 = Debug|Any CPU
		{AE5508B1-96B1-4765-B14A-29D48BE64014}.Release|Any CPU.ActiveCfg = Release|Any CPU
		{AE5508B1-96B1-4765-B14A-29D48BE64014}.Release|Any CPU.Build.0 = Release|Any CPU
	EndGlobalSection
	GlobalSection(SolutionProperties) = preSolution
		HideSolutionNode = FALSE
	EndGlobalSection
	GlobalSection(NestedProjects) = preSolution
		{F1A62D94-C93B-4DF1-AB8B-65016B69226C} = {B4CA5778-BD9C-4060-91AE-85815F253653}
		{DB6B5513-9AAA-4B35-AC77-FB0D028613ED} = {B4CA5778-BD9C-4060-91AE-85815F253653}
		{FC7A97A2-54EF-4FA9-B5E6-D3046AFCD4CE} = {4CDEA9E7-E46F-4457-92F3-4D4D30A6E51D}
		{AE5508B1-96B1-4765-B14A-29D48BE64014} = {4224A94D-3052-4D68-B796-8E3CC310849C}
	EndGlobalSection
EndGlobal
