
Microsoft Visual Studio Solution File, Format Version 12.00
# Visual Studio 14
VisualStudioVersion = 14.0.24720.0
MinimumVisualStudioVersion = 10.0.40219.1
Project("{FAE04EC0-301F-11D3-BF4B-00C04F79EFBC}") = "Homework 2", "ConsoleApplication2\Homework 2.csproj", "{9F30FC34-A358-4E46-A27B-F592B073C1D3}"
EndProject
Project("{2150E333-8FDC-42A3-9474-1A3956D46DE8}") = "Homework2", "Homework2", "{92614DF3-3796-4933-81F2-DDDAE4CFDE63}"
EndProject
Project("{2150E333-8FDC-42A3-9474-1A3956D46DE8}") = "HomeWork1", "HomeWork1", "{591B78D4-D640-4F4E-8ED4-9C64265DDD7E}"
EndProject
Project("{FAE04EC0-301F-11D3-BF4B-00C04F79EFBC}") = "ConsoleApplication1", "Homework1\vstrut_ConsoleApplication1\ConsoleApplication1.csproj", "{3949B9FD-FAE6-485E-BD1A-CFF8C58D3C67}"
EndProject
Project("{FAE04EC0-301F-11D3-BF4B-00C04F79EFBC}") = "ConsoleApplication2", "Homework1\vstrut_ConsoleApplication2\ConsoleApplication2.csproj", "{70B6F3ED-1A3C-4330-ACCD-D9C2718194E3}"
EndProject
Project("{2150E333-8FDC-42A3-9474-1A3956D46DE8}") = "Homework3", "Homework3", "{21D3FE55-687A-42EB-B1D3-49E013340F26}"
EndProject
Project("{FAE04EC0-301F-11D3-BF4B-00C04F79EFBC}") = "ConsoleApplication3", "ConsoleApplication3\ConsoleApplication3.csproj", "{B55CA98E-4817-457C-BCBA-8CB50730C57F}"
EndProject
Project("{FAE04EC0-301F-11D3-BF4B-00C04F79EFBC}") = "ConsoleApplication4", "ConsoleApplication4\ConsoleApplication4.csproj", "{F9594CEB-0F0C-4355-A55C-97533FF142A3}"
EndProject
Project("{2150E333-8FDC-42A3-9474-1A3956D46DE8}") = "Homework4", "Homework4", "{C2B822E7-706B-4943-80D2-E04240BF319B}"
EndProject
Project("{FAE04EC0-301F-11D3-BF4B-00C04F79EFBC}") = "Homework4.1", "Homework5\Homework4.1.csproj", "{E25C9083-1565-41AF-9587-1C2524467BEE}"
EndProject
Project("{FAE04EC0-301F-11D3-BF4B-00C04F79EFBC}") = "Homework4.2", "Homework4.2\Homework4.2.csproj", "{A47F6550-F2A3-4579-BCFC-B157645BB1A7}"
EndProject
Project("{FAE04EC0-301F-11D3-BF4B-00C04F79EFBC}") = "Homework4.3", "Homework4.3\Homework4.3.csproj", "{60884A96-B035-4192-94C6-08A15E263CBE}"
EndProject
Project("{2150E333-8FDC-42A3-9474-1A3956D46DE8}") = "Homework5", "Homework5", "{4744E8B6-C12B-48B5-83E4-15C694B6FFFB}"
EndProject
Project("{FAE04EC0-301F-11D3-BF4B-00C04F79EFBC}") = "Homework5.1", "Homework5.1\Homework5.1.csproj", "{E0044A0D-3B7A-44D7-9C25-013C8B298FE0}"
EndProject
Project("{FAE04EC0-301F-11D3-BF4B-00C04F79EFBC}") = "Homework5.2", "Homework5.2\Homework5.2.csproj", "{A496ED6A-D54A-4C7A-ABEE-AFB640B05399}"
EndProject
Project("{FAE04EC0-301F-11D3-BF4B-00C04F79EFBC}") = "Homework5.3", "Homework5.3\Homework5.3.csproj", "{E8F97DE6-9248-4149-924A-8F98AB4C190E}"
EndProject
Project("{2150E333-8FDC-42A3-9474-1A3956D46DE8}") = "Homework6", "Homework6", "{CBA666DC-DE39-4B8F-971E-56138F259EA3}"
EndProject
Project("{FAE04EC0-301F-11D3-BF4B-00C04F79EFBC}") = "Homework6.1", "Homework6.1\Homework6.1.csproj", "{F9AD7951-1133-4346-A07C-071EE20A9705}"
EndProject
Project("{FAE04EC0-301F-11D3-BF4B-00C04F79EFBC}") = "Homework6.2", "Homework6.2\Homework6.2.csproj", "{C8B1E9B7-98EF-4452-90A7-2209B31E2394}"
EndProject
Project("{2150E333-8FDC-42A3-9474-1A3956D46DE8}") = "Homework7", "Homework7", "{8B9813C2-72E7-4E37-90D3-3CF7A8FB07B5}"
EndProject
Project("{FAE04EC0-301F-11D3-BF4B-00C04F79EFBC}") = "Homework7.1", "Homework7.1\Homework7.1.csproj", "{723D01A9-9B01-4181-BFEE-6DB91362C53E}"
EndProject
Project("{FAE04EC0-301F-11D3-BF4B-00C04F79EFBC}") = "Homework7.2", "Homework 7.2\Homework7.2.csproj", "{D116F3CF-3475-4B64-841C-57F45DC0BBA6}"
EndProject
Project("{FAE04EC0-301F-11D3-BF4B-00C04F79EFBC}") = "Homework7.3", "Homework7.3\Homework7.3.csproj", "{32579E64-9884-4398-8EDD-61D39D74C4AD}"
EndProject
Project("{2150E333-8FDC-42A3-9474-1A3956D46DE8}") = "Homework8", "Homework8", "{69D81ABC-F26B-4286-B32C-D268B386BE00}"
EndProject
Project("{FAE04EC0-301F-11D3-BF4B-00C04F79EFBC}") = "Homework8.1", "Homework8.1\Homework8.1.csproj", "{F779BEBD-1F9F-4950-96A1-4CAC2CB1328F}"
EndProject
Global
	GlobalSection(SolutionConfigurationPlatforms) = preSolution
		Debug|Any CPU = Debug|Any CPU
		Release|Any CPU = Release|Any CPU
	EndGlobalSection
	GlobalSection(ProjectConfigurationPlatforms) = postSolution
		{9F30FC34-A358-4E46-A27B-F592B073C1D3}.Debug|Any CPU.ActiveCfg = Debug|Any CPU
		{9F30FC34-A358-4E46-A27B-F592B073C1D3}.Debug|Any CPU.Build.0 = Debug|Any CPU
		{9F30FC34-A358-4E46-A27B-F592B073C1D3}.Release|Any CPU.ActiveCfg = Release|Any CPU
		{9F30FC34-A358-4E46-A27B-F592B073C1D3}.Release|Any CPU.Build.0 = Release|Any CPU
		{3949B9FD-FAE6-485E-BD1A-CFF8C58D3C67}.Debug|Any CPU.ActiveCfg = Debug|Any CPU
		{3949B9FD-FAE6-485E-BD1A-CFF8C58D3C67}.Debug|Any CPU.Build.0 = Debug|Any CPU
		{3949B9FD-FAE6-485E-BD1A-CFF8C58D3C67}.Release|Any CPU.ActiveCfg = Release|Any CPU
		{3949B9FD-FAE6-485E-BD1A-CFF8C58D3C67}.Release|Any CPU.Build.0 = Release|Any CPU
		{70B6F3ED-1A3C-4330-ACCD-D9C2718194E3}.Debug|Any CPU.ActiveCfg = Debug|Any CPU
		{70B6F3ED-1A3C-4330-ACCD-D9C2718194E3}.Debug|Any CPU.Build.0 = Debug|Any CPU
		{70B6F3ED-1A3C-4330-ACCD-D9C2718194E3}.Release|Any CPU.ActiveCfg = Release|Any CPU
		{70B6F3ED-1A3C-4330-ACCD-D9C2718194E3}.Release|Any CPU.Build.0 = Release|Any CPU
		{B55CA98E-4817-457C-BCBA-8CB50730C57F}.Debug|Any CPU.ActiveCfg = Debug|Any CPU
		{B55CA98E-4817-457C-BCBA-8CB50730C57F}.Debug|Any CPU.Build.0 = Debug|Any CPU
		{B55CA98E-4817-457C-BCBA-8CB50730C57F}.Release|Any CPU.ActiveCfg = Release|Any CPU
		{B55CA98E-4817-457C-BCBA-8CB50730C57F}.Release|Any CPU.Build.0 = Release|Any CPU
		{F9594CEB-0F0C-4355-A55C-97533FF142A3}.Debug|Any CPU.ActiveCfg = Debug|Any CPU
		{F9594CEB-0F0C-4355-A55C-97533FF142A3}.Debug|Any CPU.Build.0 = Debug|Any CPU
		{F9594CEB-0F0C-4355-A55C-97533FF142A3}.Release|Any CPU.ActiveCfg = Release|Any CPU
		{F9594CEB-0F0C-4355-A55C-97533FF142A3}.Release|Any CPU.Build.0 = Release|Any CPU
		{E25C9083-1565-41AF-9587-1C2524467BEE}.Debug|Any CPU.ActiveCfg = Debug|Any CPU
		{E25C9083-1565-41AF-9587-1C2524467BEE}.Debug|Any CPU.Build.0 = Debug|Any CPU
		{E25C9083-1565-41AF-9587-1C2524467BEE}.Release|Any CPU.ActiveCfg = Release|Any CPU
		{E25C9083-1565-41AF-9587-1C2524467BEE}.Release|Any CPU.Build.0 = Release|Any CPU
		{A47F6550-F2A3-4579-BCFC-B157645BB1A7}.Debug|Any CPU.ActiveCfg = Debug|Any CPU
		{A47F6550-F2A3-4579-BCFC-B157645BB1A7}.Debug|Any CPU.Build.0 = Debug|Any CPU
		{A47F6550-F2A3-4579-BCFC-B157645BB1A7}.Release|Any CPU.ActiveCfg = Release|Any CPU
		{A47F6550-F2A3-4579-BCFC-B157645BB1A7}.Release|Any CPU.Build.0 = Release|Any CPU
		{60884A96-B035-4192-94C6-08A15E263CBE}.Debug|Any CPU.ActiveCfg = Debug|Any CPU
		{60884A96-B035-4192-94C6-08A15E263CBE}.Debug|Any CPU.Build.0 = Debug|Any CPU
		{60884A96-B035-4192-94C6-08A15E263CBE}.Release|Any CPU.ActiveCfg = Release|Any CPU
		{60884A96-B035-4192-94C6-08A15E263CBE}.Release|Any CPU.Build.0 = Release|Any CPU
		{E0044A0D-3B7A-44D7-9C25-013C8B298FE0}.Debug|Any CPU.ActiveCfg = Debug|Any CPU
		{E0044A0D-3B7A-44D7-9C25-013C8B298FE0}.Debug|Any CPU.Build.0 = Debug|Any CPU
		{E0044A0D-3B7A-44D7-9C25-013C8B298FE0}.Release|Any CPU.ActiveCfg = Release|Any CPU
		{E0044A0D-3B7A-44D7-9C25-013C8B298FE0}.Release|Any CPU.Build.0 = Release|Any CPU
		{A496ED6A-D54A-4C7A-ABEE-AFB640B05399}.Debug|Any CPU.ActiveCfg = Debug|Any CPU
		{A496ED6A-D54A-4C7A-ABEE-AFB640B05399}.Debug|Any CPU.Build.0 = Debug|Any CPU
		{A496ED6A-D54A-4C7A-ABEE-AFB640B05399}.Release|Any CPU.ActiveCfg = Release|Any CPU
		{A496ED6A-D54A-4C7A-ABEE-AFB640B05399}.Release|Any CPU.Build.0 = Release|Any CPU
		{E8F97DE6-9248-4149-924A-8F98AB4C190E}.Debug|Any CPU.ActiveCfg = Debug|Any CPU
		{E8F97DE6-9248-4149-924A-8F98AB4C190E}.Debug|Any CPU.Build.0 = Debug|Any CPU
		{E8F97DE6-9248-4149-924A-8F98AB4C190E}.Release|Any CPU.ActiveCfg = Release|Any CPU
		{E8F97DE6-9248-4149-924A-8F98AB4C190E}.Release|Any CPU.Build.0 = Release|Any CPU
		{F9AD7951-1133-4346-A07C-071EE20A9705}.Debug|Any CPU.ActiveCfg = Debug|Any CPU
		{F9AD7951-1133-4346-A07C-071EE20A9705}.Debug|Any CPU.Build.0 = Debug|Any CPU
		{F9AD7951-1133-4346-A07C-071EE20A9705}.Release|Any CPU.ActiveCfg = Release|Any CPU
		{F9AD7951-1133-4346-A07C-071EE20A9705}.Release|Any CPU.Build.0 = Release|Any CPU
		{C8B1E9B7-98EF-4452-90A7-2209B31E2394}.Debug|Any CPU.ActiveCfg = Debug|Any CPU
		{C8B1E9B7-98EF-4452-90A7-2209B31E2394}.Debug|Any CPU.Build.0 = Debug|Any CPU
		{C8B1E9B7-98EF-4452-90A7-2209B31E2394}.Release|Any CPU.ActiveCfg = Release|Any CPU
		{C8B1E9B7-98EF-4452-90A7-2209B31E2394}.Release|Any CPU.Build.0 = Release|Any CPU
		{723D01A9-9B01-4181-BFEE-6DB91362C53E}.Debug|Any CPU.ActiveCfg = Debug|Any CPU
		{723D01A9-9B01-4181-BFEE-6DB91362C53E}.Debug|Any CPU.Build.0 = Debug|Any CPU
		{723D01A9-9B01-4181-BFEE-6DB91362C53E}.Release|Any CPU.ActiveCfg = Release|Any CPU
		{723D01A9-9B01-4181-BFEE-6DB91362C53E}.Release|Any CPU.Build.0 = Release|Any CPU
		{D116F3CF-3475-4B64-841C-57F45DC0BBA6}.Debug|Any CPU.ActiveCfg = Debug|Any CPU
		{D116F3CF-3475-4B64-841C-57F45DC0BBA6}.Debug|Any CPU.Build.0 = Debug|Any CPU
		{D116F3CF-3475-4B64-841C-57F45DC0BBA6}.Release|Any CPU.ActiveCfg = Release|Any CPU
		{D116F3CF-3475-4B64-841C-57F45DC0BBA6}.Release|Any CPU.Build.0 = Release|Any CPU
		{32579E64-9884-4398-8EDD-61D39D74C4AD}.Debug|Any CPU.ActiveCfg = Debug|Any CPU
		{32579E64-9884-4398-8EDD-61D39D74C4AD}.Debug|Any CPU.Build.0 = Debug|Any CPU
		{32579E64-9884-4398-8EDD-61D39D74C4AD}.Release|Any CPU.ActiveCfg = Release|Any CPU
		{32579E64-9884-4398-8EDD-61D39D74C4AD}.Release|Any CPU.Build.0 = Release|Any CPU
		{F779BEBD-1F9F-4950-96A1-4CAC2CB1328F}.Debug|Any CPU.ActiveCfg = Debug|Any CPU
		{F779BEBD-1F9F-4950-96A1-4CAC2CB1328F}.Debug|Any CPU.Build.0 = Debug|Any CPU
		{F779BEBD-1F9F-4950-96A1-4CAC2CB1328F}.Release|Any CPU.ActiveCfg = Release|Any CPU
		{F779BEBD-1F9F-4950-96A1-4CAC2CB1328F}.Release|Any CPU.Build.0 = Release|Any CPU
	EndGlobalSection
	GlobalSection(SolutionProperties) = preSolution
		HideSolutionNode = FALSE
	EndGlobalSection
	GlobalSection(NestedProjects) = preSolution
		{9F30FC34-A358-4E46-A27B-F592B073C1D3} = {92614DF3-3796-4933-81F2-DDDAE4CFDE63}
		{3949B9FD-FAE6-485E-BD1A-CFF8C58D3C67} = {591B78D4-D640-4F4E-8ED4-9C64265DDD7E}
		{70B6F3ED-1A3C-4330-ACCD-D9C2718194E3} = {591B78D4-D640-4F4E-8ED4-9C64265DDD7E}
		{B55CA98E-4817-457C-BCBA-8CB50730C57F} = {21D3FE55-687A-42EB-B1D3-49E013340F26}
		{F9594CEB-0F0C-4355-A55C-97533FF142A3} = {21D3FE55-687A-42EB-B1D3-49E013340F26}
		{E25C9083-1565-41AF-9587-1C2524467BEE} = {C2B822E7-706B-4943-80D2-E04240BF319B}
		{A47F6550-F2A3-4579-BCFC-B157645BB1A7} = {C2B822E7-706B-4943-80D2-E04240BF319B}
		{60884A96-B035-4192-94C6-08A15E263CBE} = {C2B822E7-706B-4943-80D2-E04240BF319B}
		{E0044A0D-3B7A-44D7-9C25-013C8B298FE0} = {4744E8B6-C12B-48B5-83E4-15C694B6FFFB}
		{A496ED6A-D54A-4C7A-ABEE-AFB640B05399} = {4744E8B6-C12B-48B5-83E4-15C694B6FFFB}
		{E8F97DE6-9248-4149-924A-8F98AB4C190E} = {4744E8B6-C12B-48B5-83E4-15C694B6FFFB}
		{F9AD7951-1133-4346-A07C-071EE20A9705} = {CBA666DC-DE39-4B8F-971E-56138F259EA3}
		{C8B1E9B7-98EF-4452-90A7-2209B31E2394} = {CBA666DC-DE39-4B8F-971E-56138F259EA3}
		{723D01A9-9B01-4181-BFEE-6DB91362C53E} = {8B9813C2-72E7-4E37-90D3-3CF7A8FB07B5}
		{D116F3CF-3475-4B64-841C-57F45DC0BBA6} = {8B9813C2-72E7-4E37-90D3-3CF7A8FB07B5}
		{32579E64-9884-4398-8EDD-61D39D74C4AD} = {8B9813C2-72E7-4E37-90D3-3CF7A8FB07B5}
		{F779BEBD-1F9F-4950-96A1-4CAC2CB1328F} = {69D81ABC-F26B-4286-B32C-D268B386BE00}
	EndGlobalSection
EndGlobal
